// !$*UTF8*$!
{
	archiveVersion = 1;
	classes = {
	};
	objectVersion = 46;
	objects = {

/* Begin PBXBuildFile section */
		0A0C95CC169846D900CB68C6 /* 意见输入框.png in Resources */ = {isa = PBXBuildFile; fileRef = 0A0C95CB169846D900CB68C6 /* 意见输入框.png */; };
		0A0C95CD169846D900CB68C6 /* 意见输入框.png in Resources */ = {isa = PBXBuildFile; fileRef = 0A0C95CB169846D900CB68C6 /* 意见输入框.png */; };
		0A0C95DB169888BC00CB68C6 /* URLEncode.m in Sources */ = {isa = PBXBuildFile; fileRef = 0A0C95DA169888BC00CB68C6 /* URLEncode.m */; };
		0A0C95DC169888BC00CB68C6 /* URLEncode.m in Sources */ = {isa = PBXBuildFile; fileRef = 0A0C95DA169888BC00CB68C6 /* URLEncode.m */; };
		0A2416601699C3AB0024922E /* CardViewController.m in Sources */ = {isa = PBXBuildFile; fileRef = 0A24165F1699C3AB0024922E /* CardViewController.m */; };
		0A2416611699C3AB0024922E /* CardViewController.m in Sources */ = {isa = PBXBuildFile; fileRef = 0A24165F1699C3AB0024922E /* CardViewController.m */; };
		0A2416631699C44B0024922E /* Card.plist in Resources */ = {isa = PBXBuildFile; fileRef = 0A2416621699C44B0024922E /* Card.plist */; };
		0A2416641699C44B0024922E /* Card.plist in Resources */ = {isa = PBXBuildFile; fileRef = 0A2416621699C44B0024922E /* Card.plist */; };
		0A357E2A1699580500C53BF2 /* MBProgressHUD.m in Sources */ = {isa = PBXBuildFile; fileRef = 0A357E291699580500C53BF2 /* MBProgressHUD.m */; };
		0A357E2B1699580500C53BF2 /* MBProgressHUD.m in Sources */ = {isa = PBXBuildFile; fileRef = 0A357E291699580500C53BF2 /* MBProgressHUD.m */; };
		0A6ACC14169EFE5200F299E5 /* Default.png in Resources */ = {isa = PBXBuildFile; fileRef = 0A6ACC13169EFE5200F299E5 /* Default.png */; };
		0A6ACC16169EFE6E00F299E5 /* Default@2x.png in Resources */ = {isa = PBXBuildFile; fileRef = 0A6ACC15169EFE6E00F299E5 /* Default@2x.png */; };
		0A8AECDA16A540350035AD3B /* set_refview.png in Resources */ = {isa = PBXBuildFile; fileRef = 0A8AECD916A540350035AD3B /* set_refview.png */; };
		0A8C48AA168E968200615C6F /* UIKit.framework in Frameworks */ = {isa = PBXBuildFile; fileRef = 0A8C48A9168E968200615C6F /* UIKit.framework */; };
		0A8C48AC168E968200615C6F /* Foundation.framework in Frameworks */ = {isa = PBXBuildFile; fileRef = 0A8C48AB168E968200615C6F /* Foundation.framework */; };
		0A8C48AE168E968200615C6F /* CoreGraphics.framework in Frameworks */ = {isa = PBXBuildFile; fileRef = 0A8C48AD168E968200615C6F /* CoreGraphics.framework */; };
		0A8C48B4168E968200615C6F /* InfoPlist.strings in Resources */ = {isa = PBXBuildFile; fileRef = 0A8C48B2168E968200615C6F /* InfoPlist.strings */; };
		0A8C48B6168E968200615C6F /* main.m in Sources */ = {isa = PBXBuildFile; fileRef = 0A8C48B5168E968200615C6F /* main.m */; };
		0A8C48BA168E968200615C6F /* AppDelegate.m in Sources */ = {isa = PBXBuildFile; fileRef = 0A8C48B9168E968200615C6F /* AppDelegate.m */; };
		0A8C48C8168E968300615C6F /* SenTestingKit.framework in Frameworks */ = {isa = PBXBuildFile; fileRef = 0A8C48C7168E968300615C6F /* SenTestingKit.framework */; };
		0A8C48C9168E968300615C6F /* UIKit.framework in Frameworks */ = {isa = PBXBuildFile; fileRef = 0A8C48A9168E968200615C6F /* UIKit.framework */; };
		0A8C48CA168E968300615C6F /* Foundation.framework in Frameworks */ = {isa = PBXBuildFile; fileRef = 0A8C48AB168E968200615C6F /* Foundation.framework */; };
		0A8C48D2168E968300615C6F /* InfoPlist.strings in Resources */ = {isa = PBXBuildFile; fileRef = 0A8C48D0168E968300615C6F /* InfoPlist.strings */; };
		0A8C48D5168E968300615C6F /* AppJoinTests.m in Sources */ = {isa = PBXBuildFile; fileRef = 0A8C48D4168E968300615C6F /* AppJoinTests.m */; };
		0A8C48E2168E998000615C6F /* MainViewController.m in Sources */ = {isa = PBXBuildFile; fileRef = 0A8C48E0168E998000615C6F /* MainViewController.m */; };
		0A8C48E3168E998000615C6F /* MainViewController.m in Sources */ = {isa = PBXBuildFile; fileRef = 0A8C48E0168E998000615C6F /* MainViewController.m */; };
		0A8C48EB168E9A4500615C6F /* FirstViewController.m in Sources */ = {isa = PBXBuildFile; fileRef = 0A8C48E9168E9A4500615C6F /* FirstViewController.m */; };
		0A8C48EC168E9A4500615C6F /* FirstViewController.m in Sources */ = {isa = PBXBuildFile; fileRef = 0A8C48E9168E9A4500615C6F /* FirstViewController.m */; };
		0A8C48F3168E9A6400615C6F /* SecondViewController.m in Sources */ = {isa = PBXBuildFile; fileRef = 0A8C48F1168E9A6400615C6F /* SecondViewController.m */; };
		0A8C48F4168E9A6400615C6F /* SecondViewController.m in Sources */ = {isa = PBXBuildFile; fileRef = 0A8C48F1168E9A6400615C6F /* SecondViewController.m */; };
		0A8C48FB168E9A8800615C6F /* ThirdViewController.m in Sources */ = {isa = PBXBuildFile; fileRef = 0A8C48F9168E9A8800615C6F /* ThirdViewController.m */; };
		0A8C48FC168E9A8800615C6F /* ThirdViewController.m in Sources */ = {isa = PBXBuildFile; fileRef = 0A8C48F9168E9A8800615C6F /* ThirdViewController.m */; };
		0A8C48FD168E9A8800615C6F /* ThirdViewController.xib in Resources */ = {isa = PBXBuildFile; fileRef = 0A8C48FA168E9A8800615C6F /* ThirdViewController.xib */; };
		0A8C48FE168E9A8800615C6F /* ThirdViewController.xib in Resources */ = {isa = PBXBuildFile; fileRef = 0A8C48FA168E9A8800615C6F /* ThirdViewController.xib */; };
		0A8C4903168E9AB600615C6F /* FourViewController.m in Sources */ = {isa = PBXBuildFile; fileRef = 0A8C4901168E9AB600615C6F /* FourViewController.m */; };
		0A8C4904168E9AB600615C6F /* FourViewController.m in Sources */ = {isa = PBXBuildFile; fileRef = 0A8C4901168E9AB600615C6F /* FourViewController.m */; };
		0A8C490D168EA52500615C6F /* 主页.png in Resources */ = {isa = PBXBuildFile; fileRef = 0A8C4908168EA52500615C6F /* 主页.png */; };
		0A8C490E168EA52500615C6F /* 主页.png in Resources */ = {isa = PBXBuildFile; fileRef = 0A8C4908168EA52500615C6F /* 主页.png */; };
		0A8C4911168EA52500615C6F /* 更多.png in Resources */ = {isa = PBXBuildFile; fileRef = 0A8C490A168EA52500615C6F /* 更多.png */; };
		0A8C4912168EA52500615C6F /* 更多.png in Resources */ = {isa = PBXBuildFile; fileRef = 0A8C490A168EA52500615C6F /* 更多.png */; };
		0A8C491E168EDB3000615C6F /* InfoViewController.m in Sources */ = {isa = PBXBuildFile; fileRef = 0A8C491D168EDB3000615C6F /* InfoViewController.m */; };
		0A8C491F168EDB3000615C6F /* InfoViewController.m in Sources */ = {isa = PBXBuildFile; fileRef = 0A8C491D168EDB3000615C6F /* InfoViewController.m */; };
		0A8C492E168EEA0500615C6F /* 37x-Checkmark.png in Resources */ = {isa = PBXBuildFile; fileRef = 0A8C492D168EEA0500615C6F /* 37x-Checkmark.png */; };
		0A8C492F168EEA0500615C6F /* 37x-Checkmark.png in Resources */ = {isa = PBXBuildFile; fileRef = 0A8C492D168EEA0500615C6F /* 37x-Checkmark.png */; };
		0A8C4934168F0EA100615C6F /* Reachability.m in Sources */ = {isa = PBXBuildFile; fileRef = 0A8C4933168F0EA100615C6F /* Reachability.m */; };
		0A8C4935168F0EA100615C6F /* Reachability.m in Sources */ = {isa = PBXBuildFile; fileRef = 0A8C4933168F0EA100615C6F /* Reachability.m */; };
		0A8C493B168F0F0000615C6F /* SystemConfiguration.framework in Frameworks */ = {isa = PBXBuildFile; fileRef = 0A8C493A168F0EFF00615C6F /* SystemConfiguration.framework */; };
		0A9901AC169EB31E0086E154 /* btn1.png in Resources */ = {isa = PBXBuildFile; fileRef = 0A9901A6169EB31E0086E154 /* btn1.png */; };
		0A9901AD169EB31E0086E154 /* btn2.png in Resources */ = {isa = PBXBuildFile; fileRef = 0A9901A7169EB31E0086E154 /* btn2.png */; };
		0A9901AE169EB31E0086E154 /* btn3.png in Resources */ = {isa = PBXBuildFile; fileRef = 0A9901A8169EB31E0086E154 /* btn3.png */; };
		0A9901AF169EB31E0086E154 /* btn4.png in Resources */ = {isa = PBXBuildFile; fileRef = 0A9901A9169EB31E0086E154 /* btn4.png */; };
		0A9901B0169EB31E0086E154 /* btn5.png in Resources */ = {isa = PBXBuildFile; fileRef = 0A9901AA169EB31E0086E154 /* btn5.png */; };
		0A9901B1169EB31E0086E154 /* btn6.png in Resources */ = {isa = PBXBuildFile; fileRef = 0A9901AB169EB31E0086E154 /* btn6.png */; };
		0A9901C6169EC62B0086E154 /* btn1@2x.png in Resources */ = {isa = PBXBuildFile; fileRef = 0A9901C0169EC62B0086E154 /* btn1@2x.png */; };
		0A9901C7169EC62B0086E154 /* btn2@2x.png in Resources */ = {isa = PBXBuildFile; fileRef = 0A9901C1169EC62B0086E154 /* btn2@2x.png */; };
		0A9901C8169EC62B0086E154 /* btn3@2x.png in Resources */ = {isa = PBXBuildFile; fileRef = 0A9901C2169EC62B0086E154 /* btn3@2x.png */; };
		0A9901C9169EC62B0086E154 /* btn4@2x.png in Resources */ = {isa = PBXBuildFile; fileRef = 0A9901C3169EC62B0086E154 /* btn4@2x.png */; };
		0A9901CA169EC62B0086E154 /* btn5@2x.png in Resources */ = {isa = PBXBuildFile; fileRef = 0A9901C4169EC62B0086E154 /* btn5@2x.png */; };
		0A9901CB169EC62B0086E154 /* btn6@2x.png in Resources */ = {isa = PBXBuildFile; fileRef = 0A9901C5169EC62B0086E154 /* btn6@2x.png */; };
		0AA7E368169AA34400E5B9E3 /* QRCodeGenerator.m in Sources */ = {isa = PBXBuildFile; fileRef = 0AA7E35D169AA34400E5B9E3 /* QRCodeGenerator.m */; };
		0AA7E369169AA34400E5B9E3 /* qrencode.c in Sources */ = {isa = PBXBuildFile; fileRef = 0AA7E35E169AA34400E5B9E3 /* qrencode.c */; };
		0AA7E36A169AA34400E5B9E3 /* qrinput.c in Sources */ = {isa = PBXBuildFile; fileRef = 0AA7E360169AA34400E5B9E3 /* qrinput.c */; };
		0AA7E36B169AA34400E5B9E3 /* qrspec.c in Sources */ = {isa = PBXBuildFile; fileRef = 0AA7E362169AA34400E5B9E3 /* qrspec.c */; };
		0AA7E36C169AA34400E5B9E3 /* rscode.c in Sources */ = {isa = PBXBuildFile; fileRef = 0AA7E364169AA34400E5B9E3 /* rscode.c */; };
		0AA7E36D169AA34400E5B9E3 /* split.c in Sources */ = {isa = PBXBuildFile; fileRef = 0AA7E366169AA34400E5B9E3 /* split.c */; };
		0AA7E372169AA35D00E5B9E3 /* bitstream.c in Sources */ = {isa = PBXBuildFile; fileRef = 0AA7E36E169AA35D00E5B9E3 /* bitstream.c */; };
		0AA7E373169AA35D00E5B9E3 /* mask.c in Sources */ = {isa = PBXBuildFile; fileRef = 0AA7E370169AA35D00E5B9E3 /* mask.c */; };
		0AA7E392169AA39800E5B9E3 /* libzbar.a in Frameworks */ = {isa = PBXBuildFile; fileRef = 0AA7E38C169AA39800E5B9E3 /* libzbar.a */; };
		0AA7E393169AA39800E5B9E3 /* zbar-back.png in Resources */ = {isa = PBXBuildFile; fileRef = 0AA7E38E169AA39800E5B9E3 /* zbar-back.png */; };
		0AA7E394169AA39800E5B9E3 /* zbar-help.html in Resources */ = {isa = PBXBuildFile; fileRef = 0AA7E38F169AA39800E5B9E3 /* zbar-help.html */; };
		0AA7E395169AA39800E5B9E3 /* zbar-helpicons.png in Resources */ = {isa = PBXBuildFile; fileRef = 0AA7E390169AA39800E5B9E3 /* zbar-helpicons.png */; };
		0AA7E396169AA39800E5B9E3 /* zbar-samples.png in Resources */ = {isa = PBXBuildFile; fileRef = 0AA7E391169AA39800E5B9E3 /* zbar-samples.png */; };
		0AA7E398169AA56E00E5B9E3 /* CoreMedia.framework in Frameworks */ = {isa = PBXBuildFile; fileRef = 0AA7E397169AA56E00E5B9E3 /* CoreMedia.framework */; };
		0AA7E39A169AA57500E5B9E3 /* AVFoundation.framework in Frameworks */ = {isa = PBXBuildFile; fileRef = 0AA7E399169AA57400E5B9E3 /* AVFoundation.framework */; };
		0AA7E39C169AA57C00E5B9E3 /* CoreVideo.framework in Frameworks */ = {isa = PBXBuildFile; fileRef = 0AA7E39B169AA57C00E5B9E3 /* CoreVideo.framework */; };
		0AA7E39E169AA5A000E5B9E3 /* libiconv.dylib in Frameworks */ = {isa = PBXBuildFile; fileRef = 0AA7E39D169AA5A000E5B9E3 /* libiconv.dylib */; };
		0AA7E3A2169ACE8900E5B9E3 /* MScanViewController.m in Sources */ = {isa = PBXBuildFile; fileRef = 0AA7E3A0169ACE8900E5B9E3 /* MScanViewController.m */; };
		0AA7E3A3169ACE8900E5B9E3 /* MScanViewController.xib in Resources */ = {isa = PBXBuildFile; fileRef = 0AA7E3A1169ACE8900E5B9E3 /* MScanViewController.xib */; };
		0AA8BF7C169E6C5200451A55 /* Default-568h@2x.png in Resources */ = {isa = PBXBuildFile; fileRef = 0AA8BF7B169E6C5200451A55 /* Default-568h@2x.png */; };
		0AAAA02E169FAE780051710E /* DateViewController.m in Sources */ = {isa = PBXBuildFile; fileRef = 0AAAA02D169FAE780051710E /* DateViewController.m */; };
		0AAAA037169FB3EE0051710E /* btn1-568h@2x.png in Resources */ = {isa = PBXBuildFile; fileRef = 0AAAA031169FB3EE0051710E /* btn1-568h@2x.png */; };
		0AAAA038169FB3EE0051710E /* btn2-568h@2x.png in Resources */ = {isa = PBXBuildFile; fileRef = 0AAAA032169FB3EE0051710E /* btn2-568h@2x.png */; };
		0AAAA039169FB3EE0051710E /* btn3-568h@2x.png in Resources */ = {isa = PBXBuildFile; fileRef = 0AAAA033169FB3EE0051710E /* btn3-568h@2x.png */; };
		0AAAA03A169FB3EE0051710E /* btn4-568h@2x.png in Resources */ = {isa = PBXBuildFile; fileRef = 0AAAA034169FB3EE0051710E /* btn4-568h@2x.png */; };
		0AAAA03B169FB3EE0051710E /* btn5-568h@2x.png in Resources */ = {isa = PBXBuildFile; fileRef = 0AAAA035169FB3EE0051710E /* btn5-568h@2x.png */; };
		0AAAA03C169FB3EE0051710E /* btn6-568h@2x.png in Resources */ = {isa = PBXBuildFile; fileRef = 0AAAA036169FB3EE0051710E /* btn6-568h@2x.png */; };
		0AAAA041169FBA7C0051710E /* show_yellow_star.png in Resources */ = {isa = PBXBuildFile; fileRef = 0AAAA03D169FBA7C0051710E /* show_yellow_star.png */; };
		0AAAA042169FBA7C0051710E /* show_yellow_star@2x.png in Resources */ = {isa = PBXBuildFile; fileRef = 0AAAA03E169FBA7C0051710E /* show_yellow_star@2x.png */; };
		0AAAA043169FBA7C0051710E /* show_grey_stars@2x.png in Resources */ = {isa = PBXBuildFile; fileRef = 0AAAA03F169FBA7C0051710E /* show_grey_stars@2x.png */; };
		0AAAA044169FBA7C0051710E /* show_grey_stars.png in Resources */ = {isa = PBXBuildFile; fileRef = 0AAAA040169FBA7C0051710E /* show_grey_stars.png */; };
		0AAFAC9016A68745004DCEB9 /* editer.png in Resources */ = {isa = PBXBuildFile; fileRef = 0AAFAC8F16A68745004DCEB9 /* editer.png */; };
		0AAFAC9216A68870004DCEB9 /* finish.png in Resources */ = {isa = PBXBuildFile; fileRef = 0AAFAC9116A68870004DCEB9 /* finish.png */; };
		0AAFAC9516A69383004DCEB9 /* OpinionsViewController.m in Sources */ = {isa = PBXBuildFile; fileRef = 0AAFAC9416A69383004DCEB9 /* OpinionsViewController.m */; };
		0ABB039E169E98A80009668D /* Icon.png in Resources */ = {isa = PBXBuildFile; fileRef = 0ABB039D169E98A80009668D /* Icon.png */; };
		0ABB03A2169E9BB20009668D /* Icon@2x.png in Resources */ = {isa = PBXBuildFile; fileRef = 0ABB03A1169E9BB20009668D /* Icon@2x.png */; };
		0ACE9A60169D4A8E00AFAC16 /* icon_information.png in Resources */ = {isa = PBXBuildFile; fileRef = 0ACE9A5F169D4A8D00AFAC16 /* icon_information.png */; };
		0ACE9A63169D4A9200AFAC16 /* icon_information@2x.png in Resources */ = {isa = PBXBuildFile; fileRef = 0ACE9A62169D4A9200AFAC16 /* icon_information@2x.png */; };
		0ACE9A66169D4AB300AFAC16 /* icon_eyes@2x.png in Resources */ = {isa = PBXBuildFile; fileRef = 0ACE9A64169D4AB300AFAC16 /* icon_eyes@2x.png */; };
		0ACE9A67169D4AB300AFAC16 /* icon_eyes.png in Resources */ = {isa = PBXBuildFile; fileRef = 0ACE9A65169D4AB300AFAC16 /* icon_eyes.png */; };
		0ACE9A7C169D665300AFAC16 /* QRcodeData.m in Sources */ = {isa = PBXBuildFile; fileRef = 0ACE9A7B169D665300AFAC16 /* QRcodeData.m */; };
		0ACE9A81169D667900AFAC16 /* background.png in Resources */ = {isa = PBXBuildFile; fileRef = 0ACE9A7E169D667900AFAC16 /* background.png */; };
		0ACE9A8A169D685E00AFAC16 /* background@2x.png in Resources */ = {isa = PBXBuildFile; fileRef = 0ACE9A89169D685D00AFAC16 /* background@2x.png */; };
		0ACE9A8C169D690800AFAC16 /* background-568h@2x.png in Resources */ = {isa = PBXBuildFile; fileRef = 0ACE9A8B169D690800AFAC16 /* background-568h@2x.png */; };
		0AD677EA16A505C80057D82F /* TopBarView.m in Sources */ = {isa = PBXBuildFile; fileRef = 0AD677E916A505C80057D82F /* TopBarView.m */; };
		0AD8E6691696B5B000607B42 /* DataBase.m in Sources */ = {isa = PBXBuildFile; fileRef = 0AD8E6681696B5B000607B42 /* DataBase.m */; };
		0AD8E66B1696B5D100607B42 /* libsqlite3.dylib in Frameworks */ = {isa = PBXBuildFile; fileRef = 0AD8E66A1696B5D100607B42 /* libsqlite3.dylib */; };
		0AD8E6721696BB5D00607B42 /* DatePlan.m in Sources */ = {isa = PBXBuildFile; fileRef = 0AD8E6711696BB5D00607B42 /* DatePlan.m */; };
		0AF61D0F16A3B1F30061F957 /* DownLoadString.m in Sources */ = {isa = PBXBuildFile; fileRef = 0AF61D0E16A3B1F30061F957 /* DownLoadString.m */; };
		0AF61D2116A3E7ED0061F957 /* back1.png in Resources */ = {isa = PBXBuildFile; fileRef = 0AF61D2016A3E7ED0061F957 /* back1.png */; };
		0AF61D2416A3E8010061F957 /* top.png in Resources */ = {isa = PBXBuildFile; fileRef = 0AF61D2316A3E8010061F957 /* top.png */; };
		0AF8E8651693D26400C8C473 /* bar_background.png in Resources */ = {isa = PBXBuildFile; fileRef = 0AF8E8641693D26400C8C473 /* bar_background.png */; };
		0AF8E8681693D35D00C8C473 /* bar_background@2x.png in Resources */ = {isa = PBXBuildFile; fileRef = 0AF8E8671693D35D00C8C473 /* bar_background@2x.png */; };
		0AF8E86A1693E2FE00C8C473 /* MapKit.framework in Frameworks */ = {isa = PBXBuildFile; fileRef = 0AF8E8691693E2FD00C8C473 /* MapKit.framework */; };
		0AF8E8731693E93100C8C473 /* CoreLocation.framework in Frameworks */ = {isa = PBXBuildFile; fileRef = 0AF8E8721693E93100C8C473 /* CoreLocation.framework */; };
		0AF8E8761693EBBF00C8C473 /* Place.m in Sources */ = {isa = PBXBuildFile; fileRef = 0AF8E8751693EBBF00C8C473 /* Place.m */; };
		0AF8E8781693EEFF00C8C473 /* Arrow-Icon.png in Resources */ = {isa = PBXBuildFile; fileRef = 0AF8E8771693EEFF00C8C473 /* Arrow-Icon.png */; };
		0AFBBB7B169415A2003C29EB /* MessageViewController.m in Sources */ = {isa = PBXBuildFile; fileRef = 0AFBBB7A169415A2003C29EB /* MessageViewController.m */; };
		0AFBBB7C169415A2003C29EB /* MessageViewController.m in Sources */ = {isa = PBXBuildFile; fileRef = 0AFBBB7A169415A2003C29EB /* MessageViewController.m */; };
		0AFBBC2316952AFA003C29EB /* iCarousel.m in Sources */ = {isa = PBXBuildFile; fileRef = 0AFBBC2216952AFA003C29EB /* iCarousel.m */; };
		0AFBBC2516952B32003C29EB /* QuartzCore.framework in Frameworks */ = {isa = PBXBuildFile; fileRef = 0AFBBC2416952B32003C29EB /* QuartzCore.framework */; };
		0AFBBC2816952BCD003C29EB /* DetailViewController.m in Sources */ = {isa = PBXBuildFile; fileRef = 0AFBBC2716952BCD003C29EB /* DetailViewController.m */; };
		0AFBBC2F16952BFE003C29EB /* huan1.jpg in Resources */ = {isa = PBXBuildFile; fileRef = 0AFBBC2916952BFE003C29EB /* huan1.jpg */; };
		0AFBBC3016952BFE003C29EB /* huan2.jpg in Resources */ = {isa = PBXBuildFile; fileRef = 0AFBBC2A16952BFE003C29EB /* huan2.jpg */; };
		0AFBBC3116952BFE003C29EB /* huan3.jpg in Resources */ = {isa = PBXBuildFile; fileRef = 0AFBBC2B16952BFE003C29EB /* huan3.jpg */; };
		0AFBBC3216952BFE003C29EB /* huan4.jpg in Resources */ = {isa = PBXBuildFile; fileRef = 0AFBBC2C16952BFE003C29EB /* huan4.jpg */; };
		0AFBBC3316952BFE003C29EB /* huan5.jpg in Resources */ = {isa = PBXBuildFile; fileRef = 0AFBBC2D16952BFE003C29EB /* huan5.jpg */; };
		0AFBBC3416952BFE003C29EB /* huan6.jpg in Resources */ = {isa = PBXBuildFile; fileRef = 0AFBBC2E16952BFE003C29EB /* huan6.jpg */; };
/* End PBXBuildFile section */

/* Begin PBXContainerItemProxy section */
		0A8C48CB168E968300615C6F /* PBXContainerItemProxy */ = {
			isa = PBXContainerItemProxy;
			containerPortal = 0A8C489C168E968200615C6F /* Project object */;
			proxyType = 1;
			remoteGlobalIDString = 0A8C48A4168E968200615C6F;
			remoteInfo = AppJoin;
		};
/* End PBXContainerItemProxy section */

/* Begin PBXFileReference section */
		0A0C95CB169846D900CB68C6 /* 意见输入框.png */ = {isa = PBXFileReference; lastKnownFileType = image.png; path = "意见输入框.png"; sourceTree = "<group>"; };
		0A0C95D9169888BC00CB68C6 /* URLEncode.h */ = {isa = PBXFileReference; fileEncoding = 4; lastKnownFileType = sourcecode.c.h; path = URLEncode.h; sourceTree = "<group>"; };
		0A0C95DA169888BC00CB68C6 /* URLEncode.m */ = {isa = PBXFileReference; fileEncoding = 4; lastKnownFileType = sourcecode.c.objc; path = URLEncode.m; sourceTree = "<group>"; };
		0A24165E1699C3AB0024922E /* CardViewController.h */ = {isa = PBXFileReference; fileEncoding = 4; lastKnownFileType = sourcecode.c.h; path = CardViewController.h; sourceTree = "<group>"; };
		0A24165F1699C3AB0024922E /* CardViewController.m */ = {isa = PBXFileReference; fileEncoding = 4; lastKnownFileType = sourcecode.c.objc; path = CardViewController.m; sourceTree = "<group>"; };
		0A2416621699C44B0024922E /* Card.plist */ = {isa = PBXFileReference; fileEncoding = 4; lastKnownFileType = text.plist.xml; path = Card.plist; sourceTree = "<group>"; };
		0A357E281699580500C53BF2 /* MBProgressHUD.h */ = {isa = PBXFileReference; fileEncoding = 4; lastKnownFileType = sourcecode.c.h; path = MBProgressHUD.h; sourceTree = "<group>"; };
		0A357E291699580500C53BF2 /* MBProgressHUD.m */ = {isa = PBXFileReference; fileEncoding = 4; lastKnownFileType = sourcecode.c.objc; path = MBProgressHUD.m; sourceTree = "<group>"; };
		0A6ACC13169EFE5200F299E5 /* Default.png */ = {isa = PBXFileReference; lastKnownFileType = image.png; path = Default.png; sourceTree = "<group>"; };
		0A6ACC15169EFE6E00F299E5 /* Default@2x.png */ = {isa = PBXFileReference; lastKnownFileType = image.png; path = "Default@2x.png"; sourceTree = "<group>"; };
		0A8AECD916A540350035AD3B /* set_refview.png */ = {isa = PBXFileReference; lastKnownFileType = image.png; path = set_refview.png; sourceTree = "<group>"; };
		0A8C48A5168E968200615C6F /* AppJoin.app */ = {isa = PBXFileReference; explicitFileType = wrapper.application; includeInIndex = 0; path = AppJoin.app; sourceTree = BUILT_PRODUCTS_DIR; };
		0A8C48A9168E968200615C6F /* UIKit.framework */ = {isa = PBXFileReference; lastKnownFileType = wrapper.framework; name = UIKit.framework; path = System/Library/Frameworks/UIKit.framework; sourceTree = SDKROOT; };
		0A8C48AB168E968200615C6F /* Foundation.framework */ = {isa = PBXFileReference; lastKnownFileType = wrapper.framework; name = Foundation.framework; path = System/Library/Frameworks/Foundation.framework; sourceTree = SDKROOT; };
		0A8C48AD168E968200615C6F /* CoreGraphics.framework */ = {isa = PBXFileReference; lastKnownFileType = wrapper.framework; name = CoreGraphics.framework; path = System/Library/Frameworks/CoreGraphics.framework; sourceTree = SDKROOT; };
		0A8C48B1168E968200615C6F /* AppJoin-Info.plist */ = {isa = PBXFileReference; lastKnownFileType = text.plist.xml; path = "AppJoin-Info.plist"; sourceTree = "<group>"; };
		0A8C48B3168E968200615C6F /* en */ = {isa = PBXFileReference; lastKnownFileType = text.plist.strings; name = en; path = en.lproj/InfoPlist.strings; sourceTree = "<group>"; };
		0A8C48B5168E968200615C6F /* main.m */ = {isa = PBXFileReference; lastKnownFileType = sourcecode.c.objc; path = main.m; sourceTree = "<group>"; };
		0A8C48B7168E968200615C6F /* AppJoin-Prefix.pch */ = {isa = PBXFileReference; lastKnownFileType = sourcecode.c.h; path = "AppJoin-Prefix.pch"; sourceTree = "<group>"; };
		0A8C48B8168E968200615C6F /* AppDelegate.h */ = {isa = PBXFileReference; lastKnownFileType = sourcecode.c.h; name = AppDelegate.h; path = AppJoin/AppDelegate.h; sourceTree = "<group>"; };
		0A8C48B9168E968200615C6F /* AppDelegate.m */ = {isa = PBXFileReference; lastKnownFileType = sourcecode.c.objc; name = AppDelegate.m; path = AppJoin/AppDelegate.m; sourceTree = "<group>"; };
		0A8C48C6168E968300615C6F /* AppJoinTests.octest */ = {isa = PBXFileReference; explicitFileType = wrapper.cfbundle; includeInIndex = 0; path = AppJoinTests.octest; sourceTree = BUILT_PRODUCTS_DIR; };
		0A8C48C7168E968300615C6F /* SenTestingKit.framework */ = {isa = PBXFileReference; lastKnownFileType = wrapper.framework; name = SenTestingKit.framework; path = Library/Frameworks/SenTestingKit.framework; sourceTree = DEVELOPER_DIR; };
		0A8C48CF168E968300615C6F /* AppJoinTests-Info.plist */ = {isa = PBXFileReference; lastKnownFileType = text.plist.xml; path = "AppJoinTests-Info.plist"; sourceTree = "<group>"; };
		0A8C48D1168E968300615C6F /* en */ = {isa = PBXFileReference; lastKnownFileType = text.plist.strings; name = en; path = en.lproj/InfoPlist.strings; sourceTree = "<group>"; };
		0A8C48D3168E968300615C6F /* AppJoinTests.h */ = {isa = PBXFileReference; lastKnownFileType = sourcecode.c.h; path = AppJoinTests.h; sourceTree = "<group>"; };
		0A8C48D4168E968300615C6F /* AppJoinTests.m */ = {isa = PBXFileReference; lastKnownFileType = sourcecode.c.objc; path = AppJoinTests.m; sourceTree = "<group>"; };
		0A8C48DF168E998000615C6F /* MainViewController.h */ = {isa = PBXFileReference; fileEncoding = 4; lastKnownFileType = sourcecode.c.h; path = MainViewController.h; sourceTree = "<group>"; };
		0A8C48E0168E998000615C6F /* MainViewController.m */ = {isa = PBXFileReference; fileEncoding = 4; lastKnownFileType = sourcecode.c.objc; path = MainViewController.m; sourceTree = "<group>"; };
		0A8C48E8168E9A4500615C6F /* FirstViewController.h */ = {isa = PBXFileReference; fileEncoding = 4; lastKnownFileType = sourcecode.c.h; path = FirstViewController.h; sourceTree = "<group>"; };
		0A8C48E9168E9A4500615C6F /* FirstViewController.m */ = {isa = PBXFileReference; fileEncoding = 4; lastKnownFileType = sourcecode.c.objc; path = FirstViewController.m; sourceTree = "<group>"; };
		0A8C48F0168E9A6400615C6F /* SecondViewController.h */ = {isa = PBXFileReference; fileEncoding = 4; lastKnownFileType = sourcecode.c.h; path = SecondViewController.h; sourceTree = "<group>"; };
		0A8C48F1168E9A6400615C6F /* SecondViewController.m */ = {isa = PBXFileReference; fileEncoding = 4; lastKnownFileType = sourcecode.c.objc; path = SecondViewController.m; sourceTree = "<group>"; };
		0A8C48F8168E9A8800615C6F /* ThirdViewController.h */ = {isa = PBXFileReference; fileEncoding = 4; lastKnownFileType = sourcecode.c.h; path = ThirdViewController.h; sourceTree = "<group>"; };
		0A8C48F9168E9A8800615C6F /* ThirdViewController.m */ = {isa = PBXFileReference; fileEncoding = 4; lastKnownFileType = sourcecode.c.objc; path = ThirdViewController.m; sourceTree = "<group>"; };
		0A8C48FA168E9A8800615C6F /* ThirdViewController.xib */ = {isa = PBXFileReference; fileEncoding = 4; lastKnownFileType = file.xib; path = ThirdViewController.xib; sourceTree = "<group>"; };
		0A8C4900168E9AB600615C6F /* FourViewController.h */ = {isa = PBXFileReference; fileEncoding = 4; lastKnownFileType = sourcecode.c.h; path = FourViewController.h; sourceTree = "<group>"; };
		0A8C4901168E9AB600615C6F /* FourViewController.m */ = {isa = PBXFileReference; fileEncoding = 4; lastKnownFileType = sourcecode.c.objc; path = FourViewController.m; sourceTree = "<group>"; };
		0A8C4908168EA52500615C6F /* 主页.png */ = {isa = PBXFileReference; lastKnownFileType = image.png; path = "主页.png"; sourceTree = "<group>"; };
		0A8C490A168EA52500615C6F /* 更多.png */ = {isa = PBXFileReference; lastKnownFileType = image.png; path = "更多.png"; sourceTree = "<group>"; };
		0A8C491C168EDB3000615C6F /* InfoViewController.h */ = {isa = PBXFileReference; fileEncoding = 4; lastKnownFileType = sourcecode.c.h; name = InfoViewController.h; path = ../InfoViewController.h; sourceTree = "<group>"; };
		0A8C491D168EDB3000615C6F /* InfoViewController.m */ = {isa = PBXFileReference; fileEncoding = 4; lastKnownFileType = sourcecode.c.objc; name = InfoViewController.m; path = ../InfoViewController.m; sourceTree = "<group>"; };
		0A8C492D168EEA0500615C6F /* 37x-Checkmark.png */ = {isa = PBXFileReference; lastKnownFileType = image.png; path = "37x-Checkmark.png"; sourceTree = "<group>"; };
		0A8C4932168F0EA100615C6F /* Reachability.h */ = {isa = PBXFileReference; fileEncoding = 4; lastKnownFileType = sourcecode.c.h; path = Reachability.h; sourceTree = "<group>"; };
		0A8C4933168F0EA100615C6F /* Reachability.m */ = {isa = PBXFileReference; fileEncoding = 4; lastKnownFileType = sourcecode.c.objc; path = Reachability.m; sourceTree = "<group>"; };
		0A8C493A168F0EFF00615C6F /* SystemConfiguration.framework */ = {isa = PBXFileReference; lastKnownFileType = wrapper.framework; name = SystemConfiguration.framework; path = System/Library/Frameworks/SystemConfiguration.framework; sourceTree = SDKROOT; };
		0A9901A6169EB31E0086E154 /* btn1.png */ = {isa = PBXFileReference; lastKnownFileType = image.png; path = btn1.png; sourceTree = "<group>"; };
		0A9901A7169EB31E0086E154 /* btn2.png */ = {isa = PBXFileReference; lastKnownFileType = image.png; path = btn2.png; sourceTree = "<group>"; };
		0A9901A8169EB31E0086E154 /* btn3.png */ = {isa = PBXFileReference; lastKnownFileType = image.png; path = btn3.png; sourceTree = "<group>"; };
		0A9901A9169EB31E0086E154 /* btn4.png */ = {isa = PBXFileReference; lastKnownFileType = image.png; path = btn4.png; sourceTree = "<group>"; };
		0A9901AA169EB31E0086E154 /* btn5.png */ = {isa = PBXFileReference; lastKnownFileType = image.png; path = btn5.png; sourceTree = "<group>"; };
		0A9901AB169EB31E0086E154 /* btn6.png */ = {isa = PBXFileReference; lastKnownFileType = image.png; path = btn6.png; sourceTree = "<group>"; };
		0A9901C0169EC62B0086E154 /* btn1@2x.png */ = {isa = PBXFileReference; lastKnownFileType = image.png; path = "btn1@2x.png"; sourceTree = "<group>"; };
		0A9901C1169EC62B0086E154 /* btn2@2x.png */ = {isa = PBXFileReference; lastKnownFileType = image.png; path = "btn2@2x.png"; sourceTree = "<group>"; };
		0A9901C2169EC62B0086E154 /* btn3@2x.png */ = {isa = PBXFileReference; lastKnownFileType = image.png; path = "btn3@2x.png"; sourceTree = "<group>"; };
		0A9901C3169EC62B0086E154 /* btn4@2x.png */ = {isa = PBXFileReference; lastKnownFileType = image.png; path = "btn4@2x.png"; sourceTree = "<group>"; };
		0A9901C4169EC62B0086E154 /* btn5@2x.png */ = {isa = PBXFileReference; lastKnownFileType = image.png; path = "btn5@2x.png"; sourceTree = "<group>"; };
		0A9901C5169EC62B0086E154 /* btn6@2x.png */ = {isa = PBXFileReference; lastKnownFileType = image.png; path = "btn6@2x.png"; sourceTree = "<group>"; };
		0AA7E351169A7F9100E5B9E3 /* Const.h */ = {isa = PBXFileReference; fileEncoding = 4; lastKnownFileType = sourcecode.c.h; name = Const.h; path = ../Const.h; sourceTree = "<group>"; };
		0AA7E35C169AA34400E5B9E3 /* QRCodeGenerator.h */ = {isa = PBXFileReference; fileEncoding = 4; lastKnownFileType = sourcecode.c.h; path = QRCodeGenerator.h; sourceTree = "<group>"; };
		0AA7E35D169AA34400E5B9E3 /* QRCodeGenerator.m */ = {isa = PBXFileReference; fileEncoding = 4; lastKnownFileType = sourcecode.c.objc; path = QRCodeGenerator.m; sourceTree = "<group>"; };
		0AA7E35E169AA34400E5B9E3 /* qrencode.c */ = {isa = PBXFileReference; fileEncoding = 4; lastKnownFileType = sourcecode.c.c; path = qrencode.c; sourceTree = "<group>"; };
		0AA7E35F169AA34400E5B9E3 /* qrencode.h */ = {isa = PBXFileReference; fileEncoding = 4; lastKnownFileType = sourcecode.c.h; path = qrencode.h; sourceTree = "<group>"; };
		0AA7E360169AA34400E5B9E3 /* qrinput.c */ = {isa = PBXFileReference; fileEncoding = 4; lastKnownFileType = sourcecode.c.c; path = qrinput.c; sourceTree = "<group>"; };
		0AA7E361169AA34400E5B9E3 /* qrinput.h */ = {isa = PBXFileReference; fileEncoding = 4; lastKnownFileType = sourcecode.c.h; path = qrinput.h; sourceTree = "<group>"; };
		0AA7E362169AA34400E5B9E3 /* qrspec.c */ = {isa = PBXFileReference; fileEncoding = 4; lastKnownFileType = sourcecode.c.c; path = qrspec.c; sourceTree = "<group>"; };
		0AA7E363169AA34400E5B9E3 /* qrspec.h */ = {isa = PBXFileReference; fileEncoding = 4; lastKnownFileType = sourcecode.c.h; path = qrspec.h; sourceTree = "<group>"; };
		0AA7E364169AA34400E5B9E3 /* rscode.c */ = {isa = PBXFileReference; fileEncoding = 4; lastKnownFileType = sourcecode.c.c; path = rscode.c; sourceTree = "<group>"; };
		0AA7E365169AA34400E5B9E3 /* rscode.h */ = {isa = PBXFileReference; fileEncoding = 4; lastKnownFileType = sourcecode.c.h; path = rscode.h; sourceTree = "<group>"; };
		0AA7E366169AA34400E5B9E3 /* split.c */ = {isa = PBXFileReference; fileEncoding = 4; lastKnownFileType = sourcecode.c.c; path = split.c; sourceTree = "<group>"; };
		0AA7E367169AA34400E5B9E3 /* split.h */ = {isa = PBXFileReference; fileEncoding = 4; lastKnownFileType = sourcecode.c.h; path = split.h; sourceTree = "<group>"; };
		0AA7E36E169AA35D00E5B9E3 /* bitstream.c */ = {isa = PBXFileReference; fileEncoding = 4; lastKnownFileType = sourcecode.c.c; path = bitstream.c; sourceTree = "<group>"; };
		0AA7E36F169AA35D00E5B9E3 /* bitstream.h */ = {isa = PBXFileReference; fileEncoding = 4; lastKnownFileType = sourcecode.c.h; path = bitstream.h; sourceTree = "<group>"; };
		0AA7E370169AA35D00E5B9E3 /* mask.c */ = {isa = PBXFileReference; fileEncoding = 4; lastKnownFileType = sourcecode.c.c; path = mask.c; sourceTree = "<group>"; };
		0AA7E371169AA35D00E5B9E3 /* mask.h */ = {isa = PBXFileReference; fileEncoding = 4; lastKnownFileType = sourcecode.c.h; path = mask.h; sourceTree = "<group>"; };
		0AA7E378169AA39800E5B9E3 /* Decoder.h */ = {isa = PBXFileReference; fileEncoding = 4; lastKnownFileType = sourcecode.c.h; path = Decoder.h; sourceTree = "<group>"; };
		0AA7E379169AA39800E5B9E3 /* Exception.h */ = {isa = PBXFileReference; fileEncoding = 4; lastKnownFileType = sourcecode.c.h; path = Exception.h; sourceTree = "<group>"; };
		0AA7E37A169AA39800E5B9E3 /* Image.h */ = {isa = PBXFileReference; fileEncoding = 4; lastKnownFileType = sourcecode.c.h; path = Image.h; sourceTree = "<group>"; };
		0AA7E37B169AA39800E5B9E3 /* ImageScanner.h */ = {isa = PBXFileReference; fileEncoding = 4; lastKnownFileType = sourcecode.c.h; path = ImageScanner.h; sourceTree = "<group>"; };
		0AA7E37C169AA39800E5B9E3 /* Processor.h */ = {isa = PBXFileReference; fileEncoding = 4; lastKnownFileType = sourcecode.c.h; path = Processor.h; sourceTree = "<group>"; };
		0AA7E37D169AA39800E5B9E3 /* Scanner.h */ = {isa = PBXFileReference; fileEncoding = 4; lastKnownFileType = sourcecode.c.h; path = Scanner.h; sourceTree = "<group>"; };
		0AA7E37E169AA39800E5B9E3 /* Symbol.h */ = {isa = PBXFileReference; fileEncoding = 4; lastKnownFileType = sourcecode.c.h; path = Symbol.h; sourceTree = "<group>"; };
		0AA7E37F169AA39800E5B9E3 /* Video.h */ = {isa = PBXFileReference; fileEncoding = 4; lastKnownFileType = sourcecode.c.h; path = Video.h; sourceTree = "<group>"; };
		0AA7E380169AA39800E5B9E3 /* Window.h */ = {isa = PBXFileReference; fileEncoding = 4; lastKnownFileType = sourcecode.c.h; path = Window.h; sourceTree = "<group>"; };
		0AA7E381169AA39800E5B9E3 /* zbar.h */ = {isa = PBXFileReference; fileEncoding = 4; lastKnownFileType = sourcecode.c.h; path = zbar.h; sourceTree = "<group>"; };
		0AA7E382169AA39800E5B9E3 /* ZBarCameraSimulator.h */ = {isa = PBXFileReference; fileEncoding = 4; lastKnownFileType = sourcecode.c.h; path = ZBarCameraSimulator.h; sourceTree = "<group>"; };
		0AA7E383169AA39800E5B9E3 /* ZBarCaptureReader.h */ = {isa = PBXFileReference; fileEncoding = 4; lastKnownFileType = sourcecode.c.h; path = ZBarCaptureReader.h; sourceTree = "<group>"; };
		0AA7E384169AA39800E5B9E3 /* ZBarHelpController.h */ = {isa = PBXFileReference; fileEncoding = 4; lastKnownFileType = sourcecode.c.h; path = ZBarHelpController.h; sourceTree = "<group>"; };
		0AA7E385169AA39800E5B9E3 /* ZBarImage.h */ = {isa = PBXFileReference; fileEncoding = 4; lastKnownFileType = sourcecode.c.h; path = ZBarImage.h; sourceTree = "<group>"; };
		0AA7E386169AA39800E5B9E3 /* ZBarImageScanner.h */ = {isa = PBXFileReference; fileEncoding = 4; lastKnownFileType = sourcecode.c.h; path = ZBarImageScanner.h; sourceTree = "<group>"; };
		0AA7E387169AA39800E5B9E3 /* ZBarReaderController.h */ = {isa = PBXFileReference; fileEncoding = 4; lastKnownFileType = sourcecode.c.h; path = ZBarReaderController.h; sourceTree = "<group>"; };
		0AA7E388169AA39800E5B9E3 /* ZBarReaderView.h */ = {isa = PBXFileReference; fileEncoding = 4; lastKnownFileType = sourcecode.c.h; path = ZBarReaderView.h; sourceTree = "<group>"; };
		0AA7E389169AA39800E5B9E3 /* ZBarReaderViewController.h */ = {isa = PBXFileReference; fileEncoding = 4; lastKnownFileType = sourcecode.c.h; path = ZBarReaderViewController.h; sourceTree = "<group>"; };
		0AA7E38A169AA39800E5B9E3 /* ZBarSDK.h */ = {isa = PBXFileReference; fileEncoding = 4; lastKnownFileType = sourcecode.c.h; path = ZBarSDK.h; sourceTree = "<group>"; };
		0AA7E38B169AA39800E5B9E3 /* ZBarSymbol.h */ = {isa = PBXFileReference; fileEncoding = 4; lastKnownFileType = sourcecode.c.h; path = ZBarSymbol.h; sourceTree = "<group>"; };
		0AA7E38C169AA39800E5B9E3 /* libzbar.a */ = {isa = PBXFileReference; lastKnownFileType = archive.ar; path = libzbar.a; sourceTree = "<group>"; };
		0AA7E38E169AA39800E5B9E3 /* zbar-back.png */ = {isa = PBXFileReference; lastKnownFileType = image.png; path = "zbar-back.png"; sourceTree = "<group>"; };
		0AA7E38F169AA39800E5B9E3 /* zbar-help.html */ = {isa = PBXFileReference; fileEncoding = 4; lastKnownFileType = text.html; path = "zbar-help.html"; sourceTree = "<group>"; };
		0AA7E390169AA39800E5B9E3 /* zbar-helpicons.png */ = {isa = PBXFileReference; lastKnownFileType = image.png; path = "zbar-helpicons.png"; sourceTree = "<group>"; };
		0AA7E391169AA39800E5B9E3 /* zbar-samples.png */ = {isa = PBXFileReference; lastKnownFileType = image.png; path = "zbar-samples.png"; sourceTree = "<group>"; };
		0AA7E397169AA56E00E5B9E3 /* CoreMedia.framework */ = {isa = PBXFileReference; lastKnownFileType = wrapper.framework; name = CoreMedia.framework; path = System/Library/Frameworks/CoreMedia.framework; sourceTree = SDKROOT; };
		0AA7E399169AA57400E5B9E3 /* AVFoundation.framework */ = {isa = PBXFileReference; lastKnownFileType = wrapper.framework; name = AVFoundation.framework; path = System/Library/Frameworks/AVFoundation.framework; sourceTree = SDKROOT; };
		0AA7E39B169AA57C00E5B9E3 /* CoreVideo.framework */ = {isa = PBXFileReference; lastKnownFileType = wrapper.framework; name = CoreVideo.framework; path = System/Library/Frameworks/CoreVideo.framework; sourceTree = SDKROOT; };
		0AA7E39D169AA5A000E5B9E3 /* libiconv.dylib */ = {isa = PBXFileReference; lastKnownFileType = "compiled.mach-o.dylib"; name = libiconv.dylib; path = usr/lib/libiconv.dylib; sourceTree = SDKROOT; };
		0AA7E39F169ACE8900E5B9E3 /* MScanViewController.h */ = {isa = PBXFileReference; fileEncoding = 4; lastKnownFileType = sourcecode.c.h; path = MScanViewController.h; sourceTree = "<group>"; };
		0AA7E3A0169ACE8900E5B9E3 /* MScanViewController.m */ = {isa = PBXFileReference; fileEncoding = 4; lastKnownFileType = sourcecode.c.objc; path = MScanViewController.m; sourceTree = "<group>"; };
		0AA7E3A1169ACE8900E5B9E3 /* MScanViewController.xib */ = {isa = PBXFileReference; fileEncoding = 4; lastKnownFileType = file.xib; path = MScanViewController.xib; sourceTree = "<group>"; };
		0AA8BF7B169E6C5200451A55 /* Default-568h@2x.png */ = {isa = PBXFileReference; lastKnownFileType = image.png; path = "Default-568h@2x.png"; sourceTree = "<group>"; };
		0AAAA02C169FAE780051710E /* DateViewController.h */ = {isa = PBXFileReference; fileEncoding = 4; lastKnownFileType = sourcecode.c.h; path = DateViewController.h; sourceTree = "<group>"; };
		0AAAA02D169FAE780051710E /* DateViewController.m */ = {isa = PBXFileReference; fileEncoding = 4; lastKnownFileType = sourcecode.c.objc; path = DateViewController.m; sourceTree = "<group>"; };
		0AAAA031169FB3EE0051710E /* btn1-568h@2x.png */ = {isa = PBXFileReference; lastKnownFileType = image.png; path = "btn1-568h@2x.png"; sourceTree = "<group>"; };
		0AAAA032169FB3EE0051710E /* btn2-568h@2x.png */ = {isa = PBXFileReference; lastKnownFileType = image.png; path = "btn2-568h@2x.png"; sourceTree = "<group>"; };
		0AAAA033169FB3EE0051710E /* btn3-568h@2x.png */ = {isa = PBXFileReference; lastKnownFileType = image.png; path = "btn3-568h@2x.png"; sourceTree = "<group>"; };
		0AAAA034169FB3EE0051710E /* btn4-568h@2x.png */ = {isa = PBXFileReference; lastKnownFileType = image.png; path = "btn4-568h@2x.png"; sourceTree = "<group>"; };
		0AAAA035169FB3EE0051710E /* btn5-568h@2x.png */ = {isa = PBXFileReference; lastKnownFileType = image.png; path = "btn5-568h@2x.png"; sourceTree = "<group>"; };
		0AAAA036169FB3EE0051710E /* btn6-568h@2x.png */ = {isa = PBXFileReference; lastKnownFileType = image.png; path = "btn6-568h@2x.png"; sourceTree = "<group>"; };
		0AAAA03D169FBA7C0051710E /* show_yellow_star.png */ = {isa = PBXFileReference; lastKnownFileType = image.png; path = show_yellow_star.png; sourceTree = "<group>"; };
		0AAAA03E169FBA7C0051710E /* show_yellow_star@2x.png */ = {isa = PBXFileReference; lastKnownFileType = image.png; path = "show_yellow_star@2x.png"; sourceTree = "<group>"; };
		0AAAA03F169FBA7C0051710E /* show_grey_stars@2x.png */ = {isa = PBXFileReference; lastKnownFileType = image.png; path = "show_grey_stars@2x.png"; sourceTree = "<group>"; };
		0AAAA040169FBA7C0051710E /* show_grey_stars.png */ = {isa = PBXFileReference; lastKnownFileType = image.png; path = show_grey_stars.png; sourceTree = "<group>"; };
		0AAFAC8F16A68745004DCEB9 /* editer.png */ = {isa = PBXFileReference; lastKnownFileType = image.png; path = editer.png; sourceTree = "<group>"; };
		0AAFAC9116A68870004DCEB9 /* finish.png */ = {isa = PBXFileReference; lastKnownFileType = image.png; path = finish.png; sourceTree = "<group>"; };
		0AAFAC9316A69382004DCEB9 /* OpinionsViewController.h */ = {isa = PBXFileReference; fileEncoding = 4; lastKnownFileType = sourcecode.c.h; path = OpinionsViewController.h; sourceTree = "<group>"; };
		0AAFAC9416A69383004DCEB9 /* OpinionsViewController.m */ = {isa = PBXFileReference; fileEncoding = 4; lastKnownFileType = sourcecode.c.objc; path = OpinionsViewController.m; sourceTree = "<group>"; };
		0ABB039D169E98A80009668D /* Icon.png */ = {isa = PBXFileReference; lastKnownFileType = image.png; path = Icon.png; sourceTree = "<group>"; };
		0ABB03A1169E9BB20009668D /* Icon@2x.png */ = {isa = PBXFileReference; lastKnownFileType = image.png; path = "Icon@2x.png"; sourceTree = "<group>"; };
		0ACE9A5F169D4A8D00AFAC16 /* icon_information.png */ = {isa = PBXFileReference; lastKnownFileType = image.png; path = icon_information.png; sourceTree = "<group>"; };
		0ACE9A62169D4A9200AFAC16 /* icon_information@2x.png */ = {isa = PBXFileReference; lastKnownFileType = image.png; path = "icon_information@2x.png"; sourceTree = "<group>"; };
		0ACE9A64169D4AB300AFAC16 /* icon_eyes@2x.png */ = {isa = PBXFileReference; lastKnownFileType = image.png; path = "icon_eyes@2x.png"; sourceTree = "<group>"; };
		0ACE9A65169D4AB300AFAC16 /* icon_eyes.png */ = {isa = PBXFileReference; lastKnownFileType = image.png; path = icon_eyes.png; sourceTree = "<group>"; };
		0ACE9A7A169D665300AFAC16 /* QRcodeData.h */ = {isa = PBXFileReference; fileEncoding = 4; lastKnownFileType = sourcecode.c.h; name = QRcodeData.h; path = ../QRcodeData.h; sourceTree = "<group>"; };
		0ACE9A7B169D665300AFAC16 /* QRcodeData.m */ = {isa = PBXFileReference; fileEncoding = 4; lastKnownFileType = sourcecode.c.objc; name = QRcodeData.m; path = ../QRcodeData.m; sourceTree = "<group>"; };
		0ACE9A7E169D667900AFAC16 /* background.png */ = {isa = PBXFileReference; lastKnownFileType = image.png; path = background.png; sourceTree = "<group>"; };
		0ACE9A89169D685D00AFAC16 /* background@2x.png */ = {isa = PBXFileReference; lastKnownFileType = image.png; path = "background@2x.png"; sourceTree = "<group>"; };
		0ACE9A8B169D690800AFAC16 /* background-568h@2x.png */ = {isa = PBXFileReference; lastKnownFileType = image.png; path = "background-568h@2x.png"; sourceTree = "<group>"; };
		0AD677E816A505C80057D82F /* TopBarView.h */ = {isa = PBXFileReference; fileEncoding = 4; lastKnownFileType = sourcecode.c.h; name = TopBarView.h; path = ../TopBarView.h; sourceTree = "<group>"; };
		0AD677E916A505C80057D82F /* TopBarView.m */ = {isa = PBXFileReference; fileEncoding = 4; lastKnownFileType = sourcecode.c.objc; name = TopBarView.m; path = ../TopBarView.m; sourceTree = "<group>"; };
		0AD8E6671696B5B000607B42 /* DataBase.h */ = {isa = PBXFileReference; fileEncoding = 4; lastKnownFileType = sourcecode.c.h; name = DataBase.h; path = ../DataBase.h; sourceTree = "<group>"; };
		0AD8E6681696B5B000607B42 /* DataBase.m */ = {isa = PBXFileReference; fileEncoding = 4; lastKnownFileType = sourcecode.c.objc; name = DataBase.m; path = ../DataBase.m; sourceTree = "<group>"; };
		0AD8E66A1696B5D100607B42 /* libsqlite3.dylib */ = {isa = PBXFileReference; lastKnownFileType = "compiled.mach-o.dylib"; name = libsqlite3.dylib; path = usr/lib/libsqlite3.dylib; sourceTree = SDKROOT; };
		0AD8E6701696BB5C00607B42 /* DatePlan.h */ = {isa = PBXFileReference; fileEncoding = 4; lastKnownFileType = sourcecode.c.h; name = DatePlan.h; path = ../DatePlan.h; sourceTree = "<group>"; };
		0AD8E6711696BB5D00607B42 /* DatePlan.m */ = {isa = PBXFileReference; fileEncoding = 4; lastKnownFileType = sourcecode.c.objc; name = DatePlan.m; path = ../DatePlan.m; sourceTree = "<group>"; };
		0AF61D0D16A3B1F30061F957 /* DownLoadString.h */ = {isa = PBXFileReference; fileEncoding = 4; lastKnownFileType = sourcecode.c.h; path = DownLoadString.h; sourceTree = "<group>"; };
		0AF61D0E16A3B1F30061F957 /* DownLoadString.m */ = {isa = PBXFileReference; fileEncoding = 4; lastKnownFileType = sourcecode.c.objc; path = DownLoadString.m; sourceTree = "<group>"; };
		0AF61D2016A3E7ED0061F957 /* back1.png */ = {isa = PBXFileReference; lastKnownFileType = image.png; path = back1.png; sourceTree = "<group>"; };
		0AF61D2316A3E8010061F957 /* top.png */ = {isa = PBXFileReference; lastKnownFileType = image.png; path = top.png; sourceTree = "<group>"; };
		0AF8E8641693D26400C8C473 /* bar_background.png */ = {isa = PBXFileReference; lastKnownFileType = image.png; path = bar_background.png; sourceTree = "<group>"; };
		0AF8E8671693D35D00C8C473 /* bar_background@2x.png */ = {isa = PBXFileReference; lastKnownFileType = image.png; path = "bar_background@2x.png"; sourceTree = "<group>"; };
		0AF8E8691693E2FD00C8C473 /* MapKit.framework */ = {isa = PBXFileReference; lastKnownFileType = wrapper.framework; name = MapKit.framework; path = System/Library/Frameworks/MapKit.framework; sourceTree = SDKROOT; };
		0AF8E8721693E93100C8C473 /* CoreLocation.framework */ = {isa = PBXFileReference; lastKnownFileType = wrapper.framework; name = CoreLocation.framework; path = System/Library/Frameworks/CoreLocation.framework; sourceTree = SDKROOT; };
		0AF8E8741693EBBF00C8C473 /* Place.h */ = {isa = PBXFileReference; fileEncoding = 4; lastKnownFileType = sourcecode.c.h; name = Place.h; path = ../Place.h; sourceTree = "<group>"; };
		0AF8E8751693EBBF00C8C473 /* Place.m */ = {isa = PBXFileReference; fileEncoding = 4; lastKnownFileType = sourcecode.c.objc; name = Place.m; path = ../Place.m; sourceTree = "<group>"; };
		0AF8E8771693EEFF00C8C473 /* Arrow-Icon.png */ = {isa = PBXFileReference; lastKnownFileType = image.png; path = "Arrow-Icon.png"; sourceTree = "<group>"; };
		0AFBBB79169415A2003C29EB /* MessageViewController.h */ = {isa = PBXFileReference; fileEncoding = 4; lastKnownFileType = sourcecode.c.h; path = MessageViewController.h; sourceTree = "<group>"; };
		0AFBBB7A169415A2003C29EB /* MessageViewController.m */ = {isa = PBXFileReference; fileEncoding = 4; lastKnownFileType = sourcecode.c.objc; path = MessageViewController.m; sourceTree = "<group>"; };
		0AFBBC2116952AFA003C29EB /* iCarousel.h */ = {isa = PBXFileReference; fileEncoding = 4; lastKnownFileType = sourcecode.c.h; name = iCarousel.h; path = ../iCarousel.h; sourceTree = "<group>"; };
		0AFBBC2216952AFA003C29EB /* iCarousel.m */ = {isa = PBXFileReference; fileEncoding = 4; lastKnownFileType = sourcecode.c.objc; name = iCarousel.m; path = ../iCarousel.m; sourceTree = "<group>"; };
		0AFBBC2416952B32003C29EB /* QuartzCore.framework */ = {isa = PBXFileReference; lastKnownFileType = wrapper.framework; name = QuartzCore.framework; path = System/Library/Frameworks/QuartzCore.framework; sourceTree = SDKROOT; };
		0AFBBC2616952BCD003C29EB /* DetailViewController.h */ = {isa = PBXFileReference; fileEncoding = 4; lastKnownFileType = sourcecode.c.h; path = DetailViewController.h; sourceTree = "<group>"; };
		0AFBBC2716952BCD003C29EB /* DetailViewController.m */ = {isa = PBXFileReference; fileEncoding = 4; lastKnownFileType = sourcecode.c.objc; path = DetailViewController.m; sourceTree = "<group>"; };
		0AFBBC2916952BFE003C29EB /* huan1.jpg */ = {isa = PBXFileReference; lastKnownFileType = image.jpeg; path = huan1.jpg; sourceTree = "<group>"; };
		0AFBBC2A16952BFE003C29EB /* huan2.jpg */ = {isa = PBXFileReference; lastKnownFileType = image.jpeg; path = huan2.jpg; sourceTree = "<group>"; };
		0AFBBC2B16952BFE003C29EB /* huan3.jpg */ = {isa = PBXFileReference; lastKnownFileType = image.jpeg; path = huan3.jpg; sourceTree = "<group>"; };
		0AFBBC2C16952BFE003C29EB /* huan4.jpg */ = {isa = PBXFileReference; lastKnownFileType = image.jpeg; path = huan4.jpg; sourceTree = "<group>"; };
		0AFBBC2D16952BFE003C29EB /* huan5.jpg */ = {isa = PBXFileReference; lastKnownFileType = image.jpeg; path = huan5.jpg; sourceTree = "<group>"; };
		0AFBBC2E16952BFE003C29EB /* huan6.jpg */ = {isa = PBXFileReference; lastKnownFileType = image.jpeg; path = huan6.jpg; sourceTree = "<group>"; };
/* End PBXFileReference section */

/* Begin PBXFrameworksBuildPhase section */
		0A8C48A2168E968200615C6F /* Frameworks */ = {
			isa = PBXFrameworksBuildPhase;
			buildActionMask = 2147483647;
			files = (
				0AA7E39E169AA5A000E5B9E3 /* libiconv.dylib in Frameworks */,
				0AA7E39C169AA57C00E5B9E3 /* CoreVideo.framework in Frameworks */,
				0AA7E39A169AA57500E5B9E3 /* AVFoundation.framework in Frameworks */,
				0AA7E398169AA56E00E5B9E3 /* CoreMedia.framework in Frameworks */,
				0AD8E66B1696B5D100607B42 /* libsqlite3.dylib in Frameworks */,
				0AFBBC2516952B32003C29EB /* QuartzCore.framework in Frameworks */,
				0AF8E8731693E93100C8C473 /* CoreLocation.framework in Frameworks */,
				0AF8E86A1693E2FE00C8C473 /* MapKit.framework in Frameworks */,
				0A8C493B168F0F0000615C6F /* SystemConfiguration.framework in Frameworks */,
				0A8C48AA168E968200615C6F /* UIKit.framework in Frameworks */,
				0A8C48AC168E968200615C6F /* Foundation.framework in Frameworks */,
				0A8C48AE168E968200615C6F /* CoreGraphics.framework in Frameworks */,
				0AA7E392169AA39800E5B9E3 /* libzbar.a in Frameworks */,
			);
			runOnlyForDeploymentPostprocessing = 0;
		};
		0A8C48C2168E968300615C6F /* Frameworks */ = {
			isa = PBXFrameworksBuildPhase;
			buildActionMask = 2147483647;
			files = (
				0A8C48C8168E968300615C6F /* SenTestingKit.framework in Frameworks */,
				0A8C48C9168E968300615C6F /* UIKit.framework in Frameworks */,
				0A8C48CA168E968300615C6F /* Foundation.framework in Frameworks */,
			);
			runOnlyForDeploymentPostprocessing = 0;
		};
/* End PBXFrameworksBuildPhase section */

/* Begin PBXGroup section */
		0A1DD89316A6577C00C5B091 /* Model */ = {
			isa = PBXGroup;
			children = (
				0AA7E351169A7F9100E5B9E3 /* Const.h */,
				0AD8E6671696B5B000607B42 /* DataBase.h */,
				0AD8E6681696B5B000607B42 /* DataBase.m */,
				0AD8E6701696BB5C00607B42 /* DatePlan.h */,
				0AD8E6711696BB5D00607B42 /* DatePlan.m */,
				0ACE9A7A169D665300AFAC16 /* QRcodeData.h */,
				0ACE9A7B169D665300AFAC16 /* QRcodeData.m */,
			);
			name = Model;
			sourceTree = "<group>";
		};
		0A1DD89416A6580600C5B091 /* Views */ = {
			isa = PBXGroup;
			children = (
				0AFBBC2116952AFA003C29EB /* iCarousel.h */,
				0AFBBC2216952AFA003C29EB /* iCarousel.m */,
				0AF8E8741693EBBF00C8C473 /* Place.h */,
				0AF8E8751693EBBF00C8C473 /* Place.m */,
				0A8C491C168EDB3000615C6F /* InfoViewController.h */,
				0A8C491D168EDB3000615C6F /* InfoViewController.m */,
				0AD677E816A505C80057D82F /* TopBarView.h */,
				0AD677E916A505C80057D82F /* TopBarView.m */,
			);
			name = Views;
			sourceTree = "<group>";
		};
		0A8C489A168E968200615C6F = {
			isa = PBXGroup;
			children = (
				0A8C4924168EE3AB00615C6F /* TheThirdFoundation */,
				0A8C48AF168E968200615C6F /* AppJoin */,
				0A8C48CD168E968300615C6F /* AppJoinTests */,
				0A8C48A8168E968200615C6F /* Frameworks */,
				0A8C48A6168E968200615C6F /* Products */,
			);
			sourceTree = "<group>";
		};
		0A8C48A6168E968200615C6F /* Products */ = {
			isa = PBXGroup;
			children = (
				0A8C48A5168E968200615C6F /* AppJoin.app */,
				0A8C48C6168E968300615C6F /* AppJoinTests.octest */,
			);
			name = Products;
			sourceTree = "<group>";
		};
		0A8C48A8168E968200615C6F /* Frameworks */ = {
			isa = PBXGroup;
			children = (
				0AA7E39D169AA5A000E5B9E3 /* libiconv.dylib */,
				0AA7E39B169AA57C00E5B9E3 /* CoreVideo.framework */,
				0AA7E399169AA57400E5B9E3 /* AVFoundation.framework */,
				0AA7E397169AA56E00E5B9E3 /* CoreMedia.framework */,
				0AD8E66A1696B5D100607B42 /* libsqlite3.dylib */,
				0AFBBC2416952B32003C29EB /* QuartzCore.framework */,
				0AF8E8721693E93100C8C473 /* CoreLocation.framework */,
				0AF8E8691693E2FD00C8C473 /* MapKit.framework */,
				0A8C493A168F0EFF00615C6F /* SystemConfiguration.framework */,
				0A8C48A9168E968200615C6F /* UIKit.framework */,
				0A8C48AB168E968200615C6F /* Foundation.framework */,
				0A8C48AD168E968200615C6F /* CoreGraphics.framework */,
				0A8C48C7168E968300615C6F /* SenTestingKit.framework */,
			);
			name = Frameworks;
			sourceTree = "<group>";
		};
		0A8C48AF168E968200615C6F /* AppJoin */ = {
			isa = PBXGroup;
			children = (
				0A8C4907168EA4DB00615C6F /* Resources */,
				0A1DD89416A6580600C5B091 /* Views */,
				0A1DD89316A6577C00C5B091 /* Model */,
				0A8C48DE168E97CD00615C6F /* View Controllers */,
				0A8C48B0168E968200615C6F /* Supporting Files */,
			);
			path = AppJoin;
			sourceTree = "<group>";
		};
		0A8C48B0168E968200615C6F /* Supporting Files */ = {
			isa = PBXGroup;
			children = (
				0A2416621699C44B0024922E /* Card.plist */,
				0A8C492D168EEA0500615C6F /* 37x-Checkmark.png */,
				0A8C48B1168E968200615C6F /* AppJoin-Info.plist */,
				0A8C48B2168E968200615C6F /* InfoPlist.strings */,
				0A8C48B5168E968200615C6F /* main.m */,
				0A8C48B7168E968200615C6F /* AppJoin-Prefix.pch */,
			);
			name = "Supporting Files";
			sourceTree = "<group>";
		};
		0A8C48CD168E968300615C6F /* AppJoinTests */ = {
			isa = PBXGroup;
			children = (
				0A8C48D3168E968300615C6F /* AppJoinTests.h */,
				0A8C48D4168E968300615C6F /* AppJoinTests.m */,
				0A8C48CE168E968300615C6F /* Supporting Files */,
			);
			path = AppJoinTests;
			sourceTree = "<group>";
		};
		0A8C48CE168E968300615C6F /* Supporting Files */ = {
			isa = PBXGroup;
			children = (
				0A8C48CF168E968300615C6F /* AppJoinTests-Info.plist */,
				0A8C48D0168E968300615C6F /* InfoPlist.strings */,
			);
			name = "Supporting Files";
			sourceTree = "<group>";
		};
		0A8C48DE168E97CD00615C6F /* View Controllers */ = {
			isa = PBXGroup;
			children = (
				0A8C48B8168E968200615C6F /* AppDelegate.h */,
				0A8C48B9168E968200615C6F /* AppDelegate.m */,
				0A8C48DF168E998000615C6F /* MainViewController.h */,
				0A8C48E0168E998000615C6F /* MainViewController.m */,
				0AFBBC2616952BCD003C29EB /* DetailViewController.h */,
				0AFBBC2716952BCD003C29EB /* DetailViewController.m */,
				0A8C48E8168E9A4500615C6F /* FirstViewController.h */,
				0A8C48E9168E9A4500615C6F /* FirstViewController.m */,
				0AFBBB79169415A2003C29EB /* MessageViewController.h */,
				0AFBBB7A169415A2003C29EB /* MessageViewController.m */,
				0AAAA02C169FAE780051710E /* DateViewController.h */,
				0AAAA02D169FAE780051710E /* DateViewController.m */,
				0A8C48F0168E9A6400615C6F /* SecondViewController.h */,
				0A8C48F1168E9A6400615C6F /* SecondViewController.m */,
				0A8C48F8168E9A8800615C6F /* ThirdViewController.h */,
				0A8C48F9168E9A8800615C6F /* ThirdViewController.m */,
				0A8C48FA168E9A8800615C6F /* ThirdViewController.xib */,
				0A8C4900168E9AB600615C6F /* FourViewController.h */,
				0A8C4901168E9AB600615C6F /* FourViewController.m */,
				0A24165E1699C3AB0024922E /* CardViewController.h */,
				0A24165F1699C3AB0024922E /* CardViewController.m */,
				0AA7E39F169ACE8900E5B9E3 /* MScanViewController.h */,
				0AA7E3A0169ACE8900E5B9E3 /* MScanViewController.m */,
				0AA7E3A1169ACE8900E5B9E3 /* MScanViewController.xib */,
				0AAFAC9316A69382004DCEB9 /* OpinionsViewController.h */,
				0AAFAC9416A69383004DCEB9 /* OpinionsViewController.m */,
				0AF61D0B16A3B16C0061F957 /* DownLoadString */,
			);
			name = "View Controllers";
			path = ..;
			sourceTree = "<group>";
		};
		0A8C4907168EA4DB00615C6F /* Resources */ = {
			isa = PBXGroup;
			children = (
				0AAFAC9116A68870004DCEB9 /* finish.png */,
				0AAFAC8F16A68745004DCEB9 /* editer.png */,
				0A8AECD916A540350035AD3B /* set_refview.png */,
				0AF61D2316A3E8010061F957 /* top.png */,
				0AF61D2016A3E7ED0061F957 /* back1.png */,
				0A9901A0169EABF40086E154 /* 看展会 */,
				0ABB03B2169EA8E20009668D /* 开机图片 */,
				0A0C95CB169846D900CB68C6 /* 意见输入框.png */,
				0AAAA040169FBA7C0051710E /* show_grey_stars.png */,
				0AAAA03D169FBA7C0051710E /* show_yellow_star.png */,
				0AAAA03E169FBA7C0051710E /* show_yellow_star@2x.png */,
				0AAAA03F169FBA7C0051710E /* show_grey_stars@2x.png */,
				0AFBBC2916952BFE003C29EB /* huan1.jpg */,
				0AFBBC2A16952BFE003C29EB /* huan2.jpg */,
				0AFBBC2B16952BFE003C29EB /* huan3.jpg */,
				0AFBBC2C16952BFE003C29EB /* huan4.jpg */,
				0AFBBC2D16952BFE003C29EB /* huan5.jpg */,
				0AFBBC2E16952BFE003C29EB /* huan6.jpg */,
				0AF8E8771693EEFF00C8C473 /* Arrow-Icon.png */,
				0AF8E8671693D35D00C8C473 /* bar_background@2x.png */,
				0AF8E8641693D26400C8C473 /* bar_background.png */,
				0A8C4917168EA52B00615C6F /* 界面 */,
			);
			name = Resources;
			path = ..;
			sourceTree = "<group>";
		};
		0A8C4917168EA52B00615C6F /* 界面 */ = {
			isa = PBXGroup;
			children = (
				0ACE9A62169D4A9200AFAC16 /* icon_information@2x.png */,
				0ACE9A64169D4AB300AFAC16 /* icon_eyes@2x.png */,
				0ACE9A65169D4AB300AFAC16 /* icon_eyes.png */,
				0ACE9A5F169D4A8D00AFAC16 /* icon_information.png */,
				0A8C4908168EA52500615C6F /* 主页.png */,
				0A8C490A168EA52500615C6F /* 更多.png */,
			);
			name = "界面";
			sourceTree = "<group>";
		};
		0A8C4924168EE3AB00615C6F /* TheThirdFoundation */ = {
			isa = PBXGroup;
			children = (
				0AA7E374169AA39800E5B9E3 /* ZBarSDK */,
				0AA7E356169AA03D00E5B9E3 /* libqrencode */,
				0A8C4931168F0E4700615C6F /* Reachability */,
				0A8C4930168F0E3800615C6F /* MBProgress */,
			);
			name = TheThirdFoundation;
			sourceTree = "<group>";
		};
		0A8C4930168F0E3800615C6F /* MBProgress */ = {
			isa = PBXGroup;
			children = (
				0A357E281699580500C53BF2 /* MBProgressHUD.h */,
				0A357E291699580500C53BF2 /* MBProgressHUD.m */,
				0A0C95D9169888BC00CB68C6 /* URLEncode.h */,
				0A0C95DA169888BC00CB68C6 /* URLEncode.m */,
			);
			name = MBProgress;
			sourceTree = "<group>";
		};
		0A8C4931168F0E4700615C6F /* Reachability */ = {
			isa = PBXGroup;
			children = (
				0A8C4932168F0EA100615C6F /* Reachability.h */,
				0A8C4933168F0EA100615C6F /* Reachability.m */,
			);
			name = Reachability;
			sourceTree = "<group>";
		};
		0A9901A0169EABF40086E154 /* 看展会 */ = {
			isa = PBXGroup;
			children = (
				0A9901CC169EC6B40086E154 /* 4 */,
				0A9901BF169EC62A0086E154 /* 4s */,
				0AAAA030169FB3EE0051710E /* iphone5 */,
			);
			name = "看展会";
			sourceTree = "<group>";
		};
		0A9901BF169EC62A0086E154 /* 4s */ = {
			isa = PBXGroup;
			children = (
				0A9901C0169EC62B0086E154 /* btn1@2x.png */,
				0A9901C1169EC62B0086E154 /* btn2@2x.png */,
				0A9901C2169EC62B0086E154 /* btn3@2x.png */,
				0A9901C3169EC62B0086E154 /* btn4@2x.png */,
				0A9901C4169EC62B0086E154 /* btn5@2x.png */,
				0A9901C5169EC62B0086E154 /* btn6@2x.png */,
			);
			path = 4s;
			sourceTree = "<group>";
		};
		0A9901CC169EC6B40086E154 /* 4 */ = {
			isa = PBXGroup;
			children = (
				0A9901A6169EB31E0086E154 /* btn1.png */,
				0A9901A7169EB31E0086E154 /* btn2.png */,
				0A9901A8169EB31E0086E154 /* btn3.png */,
				0A9901A9169EB31E0086E154 /* btn4.png */,
				0A9901AA169EB31E0086E154 /* btn5.png */,
				0A9901AB169EB31E0086E154 /* btn6.png */,
			);
			name = 4;
			sourceTree = "<group>";
		};
		0AA7E356169AA03D00E5B9E3 /* libqrencode */ = {
			isa = PBXGroup;
			children = (
				0AA7E36E169AA35D00E5B9E3 /* bitstream.c */,
				0AA7E36F169AA35D00E5B9E3 /* bitstream.h */,
				0AA7E370169AA35D00E5B9E3 /* mask.c */,
				0AA7E371169AA35D00E5B9E3 /* mask.h */,
				0AA7E35C169AA34400E5B9E3 /* QRCodeGenerator.h */,
				0AA7E35D169AA34400E5B9E3 /* QRCodeGenerator.m */,
				0AA7E35E169AA34400E5B9E3 /* qrencode.c */,
				0AA7E35F169AA34400E5B9E3 /* qrencode.h */,
				0AA7E360169AA34400E5B9E3 /* qrinput.c */,
				0AA7E361169AA34400E5B9E3 /* qrinput.h */,
				0AA7E362169AA34400E5B9E3 /* qrspec.c */,
				0AA7E363169AA34400E5B9E3 /* qrspec.h */,
				0AA7E364169AA34400E5B9E3 /* rscode.c */,
				0AA7E365169AA34400E5B9E3 /* rscode.h */,
				0AA7E366169AA34400E5B9E3 /* split.c */,
				0AA7E367169AA34400E5B9E3 /* split.h */,
			);
			name = libqrencode;
			sourceTree = "<group>";
		};
		0AA7E374169AA39800E5B9E3 /* ZBarSDK */ = {
			isa = PBXGroup;
			children = (
				0AA7E375169AA39800E5B9E3 /* Headers */,
				0AA7E38C169AA39800E5B9E3 /* libzbar.a */,
				0AA7E38D169AA39800E5B9E3 /* Resources */,
			);
			path = ZBarSDK;
			sourceTree = "<group>";
		};
		0AA7E375169AA39800E5B9E3 /* Headers */ = {
			isa = PBXGroup;
			children = (
				0AA7E376169AA39800E5B9E3 /* ZBarSDK */,
			);
			path = Headers;
			sourceTree = "<group>";
		};
		0AA7E376169AA39800E5B9E3 /* ZBarSDK */ = {
			isa = PBXGroup;
			children = (
				0AA7E377169AA39800E5B9E3 /* zbar */,
				0AA7E381169AA39800E5B9E3 /* zbar.h */,
				0AA7E382169AA39800E5B9E3 /* ZBarCameraSimulator.h */,
				0AA7E383169AA39800E5B9E3 /* ZBarCaptureReader.h */,
				0AA7E384169AA39800E5B9E3 /* ZBarHelpController.h */,
				0AA7E385169AA39800E5B9E3 /* ZBarImage.h */,
				0AA7E386169AA39800E5B9E3 /* ZBarImageScanner.h */,
				0AA7E387169AA39800E5B9E3 /* ZBarReaderController.h */,
				0AA7E388169AA39800E5B9E3 /* ZBarReaderView.h */,
				0AA7E389169AA39800E5B9E3 /* ZBarReaderViewController.h */,
				0AA7E38A169AA39800E5B9E3 /* ZBarSDK.h */,
				0AA7E38B169AA39800E5B9E3 /* ZBarSymbol.h */,
			);
			path = ZBarSDK;
			sourceTree = "<group>";
		};
		0AA7E377169AA39800E5B9E3 /* zbar */ = {
			isa = PBXGroup;
			children = (
				0AA7E378169AA39800E5B9E3 /* Decoder.h */,
				0AA7E379169AA39800E5B9E3 /* Exception.h */,
				0AA7E37A169AA39800E5B9E3 /* Image.h */,
				0AA7E37B169AA39800E5B9E3 /* ImageScanner.h */,
				0AA7E37C169AA39800E5B9E3 /* Processor.h */,
				0AA7E37D169AA39800E5B9E3 /* Scanner.h */,
				0AA7E37E169AA39800E5B9E3 /* Symbol.h */,
				0AA7E37F169AA39800E5B9E3 /* Video.h */,
				0AA7E380169AA39800E5B9E3 /* Window.h */,
			);
			path = zbar;
			sourceTree = "<group>";
		};
		0AA7E38D169AA39800E5B9E3 /* Resources */ = {
			isa = PBXGroup;
			children = (
				0AA7E38E169AA39800E5B9E3 /* zbar-back.png */,
				0AA7E38F169AA39800E5B9E3 /* zbar-help.html */,
				0AA7E390169AA39800E5B9E3 /* zbar-helpicons.png */,
				0AA7E391169AA39800E5B9E3 /* zbar-samples.png */,
			);
			path = Resources;
			sourceTree = "<group>";
		};
		0AAAA030169FB3EE0051710E /* iphone5 */ = {
			isa = PBXGroup;
			children = (
				0AAAA031169FB3EE0051710E /* btn1-568h@2x.png */,
				0AAAA032169FB3EE0051710E /* btn2-568h@2x.png */,
				0AAAA033169FB3EE0051710E /* btn3-568h@2x.png */,
				0AAAA034169FB3EE0051710E /* btn4-568h@2x.png */,
				0AAAA035169FB3EE0051710E /* btn5-568h@2x.png */,
				0AAAA036169FB3EE0051710E /* btn6-568h@2x.png */,
			);
			path = iphone5;
			sourceTree = "<group>";
		};
		0ABB03B2169EA8E20009668D /* 开机图片 */ = {
			isa = PBXGroup;
			children = (
				0ACE9A89169D685D00AFAC16 /* background@2x.png */,
				0ACE9A7E169D667900AFAC16 /* background.png */,
				0ACE9A8B169D690800AFAC16 /* background-568h@2x.png */,
				0A6ACC13169EFE5200F299E5 /* Default.png */,
				0A6ACC15169EFE6E00F299E5 /* Default@2x.png */,
				0AA8BF7B169E6C5200451A55 /* Default-568h@2x.png */,
				0ABB03A1169E9BB20009668D /* Icon@2x.png */,
				0ABB039D169E98A80009668D /* Icon.png */,
			);
			name = "开机图片";
			sourceTree = "<group>";
		};
		0AF61D0B16A3B16C0061F957 /* DownLoadString */ = {
			isa = PBXGroup;
			children = (
				0AF61D0D16A3B1F30061F957 /* DownLoadString.h */,
				0AF61D0E16A3B1F30061F957 /* DownLoadString.m */,
			);
			name = DownLoadString;
			sourceTree = "<group>";
		};
/* End PBXGroup section */

/* Begin PBXNativeTarget section */
		0A8C48A4168E968200615C6F /* AppJoin */ = {
			isa = PBXNativeTarget;
			buildConfigurationList = 0A8C48D8168E968300615C6F /* Build configuration list for PBXNativeTarget "AppJoin" */;
			buildPhases = (
				0A8C48A1168E968200615C6F /* Sources */,
				0A8C48A2168E968200615C6F /* Frameworks */,
				0A8C48A3168E968200615C6F /* Resources */,
			);
			buildRules = (
			);
			dependencies = (
			);
			name = AppJoin;
			productName = AppJoin;
			productReference = 0A8C48A5168E968200615C6F /* AppJoin.app */;
			productType = "com.apple.product-type.application";
		};
		0A8C48C5168E968300615C6F /* AppJoinTests */ = {
			isa = PBXNativeTarget;
			buildConfigurationList = 0A8C48DB168E968300615C6F /* Build configuration list for PBXNativeTarget "AppJoinTests" */;
			buildPhases = (
				0A8C48C1168E968300615C6F /* Sources */,
				0A8C48C2168E968300615C6F /* Frameworks */,
				0A8C48C3168E968300615C6F /* Resources */,
				0A8C48C4168E968300615C6F /* ShellScript */,
			);
			buildRules = (
			);
			dependencies = (
				0A8C48CC168E968300615C6F /* PBXTargetDependency */,
			);
			name = AppJoinTests;
			productName = AppJoinTests;
			productReference = 0A8C48C6168E968300615C6F /* AppJoinTests.octest */;
			productType = "com.apple.product-type.bundle";
		};
/* End PBXNativeTarget section */

/* Begin PBXProject section */
		0A8C489C168E968200615C6F /* Project object */ = {
			isa = PBXProject;
			attributes = {
				LastUpgradeCheck = 0450;
				ORGANIZATIONNAME = Mars;
			};
			buildConfigurationList = 0A8C489F168E968200615C6F /* Build configuration list for PBXProject "AppJoin" */;
			compatibilityVersion = "Xcode 3.2";
			developmentRegion = English;
			hasScannedForEncodings = 0;
			knownRegions = (
				en,
			);
			mainGroup = 0A8C489A168E968200615C6F;
			productRefGroup = 0A8C48A6168E968200615C6F /* Products */;
			projectDirPath = "";
			projectRoot = "";
			targets = (
				0A8C48A4168E968200615C6F /* AppJoin */,
				0A8C48C5168E968300615C6F /* AppJoinTests */,
			);
		};
/* End PBXProject section */

/* Begin PBXResourcesBuildPhase section */
		0A8C48A3168E968200615C6F /* Resources */ = {
			isa = PBXResourcesBuildPhase;
			buildActionMask = 2147483647;
			files = (
				0A8C48B4168E968200615C6F /* InfoPlist.strings in Resources */,
				0A8C48FD168E9A8800615C6F /* ThirdViewController.xib in Resources */,
				0A8C490D168EA52500615C6F /* 主页.png in Resources */,
				0A8C4911168EA52500615C6F /* 更多.png in Resources */,
				0A8C492E168EEA0500615C6F /* 37x-Checkmark.png in Resources */,
				0AF8E8651693D26400C8C473 /* bar_background.png in Resources */,
				0AF8E8681693D35D00C8C473 /* bar_background@2x.png in Resources */,
				0AF8E8781693EEFF00C8C473 /* Arrow-Icon.png in Resources */,
				0AFBBC2F16952BFE003C29EB /* huan1.jpg in Resources */,
				0AFBBC3016952BFE003C29EB /* huan2.jpg in Resources */,
				0AFBBC3116952BFE003C29EB /* huan3.jpg in Resources */,
				0AFBBC3216952BFE003C29EB /* huan4.jpg in Resources */,
				0AFBBC3316952BFE003C29EB /* huan5.jpg in Resources */,
				0AFBBC3416952BFE003C29EB /* huan6.jpg in Resources */,
				0A0C95CC169846D900CB68C6 /* 意见输入框.png in Resources */,
				0A2416631699C44B0024922E /* Card.plist in Resources */,
				0AA7E393169AA39800E5B9E3 /* zbar-back.png in Resources */,
				0AA7E394169AA39800E5B9E3 /* zbar-help.html in Resources */,
				0AA7E395169AA39800E5B9E3 /* zbar-helpicons.png in Resources */,
				0AA7E396169AA39800E5B9E3 /* zbar-samples.png in Resources */,
				0AA7E3A3169ACE8900E5B9E3 /* MScanViewController.xib in Resources */,
				0ACE9A60169D4A8E00AFAC16 /* icon_information.png in Resources */,
				0ACE9A63169D4A9200AFAC16 /* icon_information@2x.png in Resources */,
				0ACE9A66169D4AB300AFAC16 /* icon_eyes@2x.png in Resources */,
				0ACE9A67169D4AB300AFAC16 /* icon_eyes.png in Resources */,
				0ACE9A81169D667900AFAC16 /* background.png in Resources */,
				0ACE9A8A169D685E00AFAC16 /* background@2x.png in Resources */,
				0ACE9A8C169D690800AFAC16 /* background-568h@2x.png in Resources */,
				0AA8BF7C169E6C5200451A55 /* Default-568h@2x.png in Resources */,
				0ABB039E169E98A80009668D /* Icon.png in Resources */,
				0ABB03A2169E9BB20009668D /* Icon@2x.png in Resources */,
				0A9901AC169EB31E0086E154 /* btn1.png in Resources */,
				0A9901AD169EB31E0086E154 /* btn2.png in Resources */,
				0A9901AE169EB31E0086E154 /* btn3.png in Resources */,
				0A9901AF169EB31E0086E154 /* btn4.png in Resources */,
				0A9901B0169EB31E0086E154 /* btn5.png in Resources */,
				0A9901B1169EB31E0086E154 /* btn6.png in Resources */,
				0A9901C6169EC62B0086E154 /* btn1@2x.png in Resources */,
				0A9901C7169EC62B0086E154 /* btn2@2x.png in Resources */,
				0A9901C8169EC62B0086E154 /* btn3@2x.png in Resources */,
				0A9901C9169EC62B0086E154 /* btn4@2x.png in Resources */,
				0A9901CA169EC62B0086E154 /* btn5@2x.png in Resources */,
				0A9901CB169EC62B0086E154 /* btn6@2x.png in Resources */,
				0A6ACC14169EFE5200F299E5 /* Default.png in Resources */,
				0A6ACC16169EFE6E00F299E5 /* Default@2x.png in Resources */,
				0AAAA037169FB3EE0051710E /* btn1-568h@2x.png in Resources */,
				0AAAA038169FB3EE0051710E /* btn2-568h@2x.png in Resources */,
				0AAAA039169FB3EE0051710E /* btn3-568h@2x.png in Resources */,
				0AAAA03A169FB3EE0051710E /* btn4-568h@2x.png in Resources */,
				0AAAA03B169FB3EE0051710E /* btn5-568h@2x.png in Resources */,
				0AAAA03C169FB3EE0051710E /* btn6-568h@2x.png in Resources */,
				0AAAA041169FBA7C0051710E /* show_yellow_star.png in Resources */,
				0AAAA042169FBA7C0051710E /* show_yellow_star@2x.png in Resources */,
				0AAAA043169FBA7C0051710E /* show_grey_stars@2x.png in Resources */,
				0AAAA044169FBA7C0051710E /* show_grey_stars.png in Resources */,
				0AF61D2116A3E7ED0061F957 /* back1.png in Resources */,
				0AF61D2416A3E8010061F957 /* top.png in Resources */,
				0A8AECDA16A540350035AD3B /* set_refview.png in Resources */,
				0AAFAC9016A68745004DCEB9 /* editer.png in Resources */,
				0AAFAC9216A68870004DCEB9 /* finish.png in Resources */,
			);
			runOnlyForDeploymentPostprocessing = 0;
		};
		0A8C48C3168E968300615C6F /* Resources */ = {
			isa = PBXResourcesBuildPhase;
			buildActionMask = 2147483647;
			files = (
				0A8C48D2168E968300615C6F /* InfoPlist.strings in Resources */,
				0A8C48FE168E9A8800615C6F /* ThirdViewController.xib in Resources */,
				0A8C490E168EA52500615C6F /* 主页.png in Resources */,
				0A8C4912168EA52500615C6F /* 更多.png in Resources */,
				0A8C492F168EEA0500615C6F /* 37x-Checkmark.png in Resources */,
				0A0C95CD169846D900CB68C6 /* 意见输入框.png in Resources */,
				0A2416641699C44B0024922E /* Card.plist in Resources */,
			);
			runOnlyForDeploymentPostprocessing = 0;
		};
/* End PBXResourcesBuildPhase section */

/* Begin PBXShellScriptBuildPhase section */
		0A8C48C4168E968300615C6F /* ShellScript */ = {
			isa = PBXShellScriptBuildPhase;
			buildActionMask = 2147483647;
			files = (
			);
			inputPaths = (
			);
			outputPaths = (
			);
			runOnlyForDeploymentPostprocessing = 0;
			shellPath = /bin/sh;
			shellScript = "# Run the unit tests in this test bundle.\n\"${SYSTEM_DEVELOPER_DIR}/Tools/RunUnitTests\"\n";
		};
/* End PBXShellScriptBuildPhase section */

/* Begin PBXSourcesBuildPhase section */
		0A8C48A1168E968200615C6F /* Sources */ = {
			isa = PBXSourcesBuildPhase;
			buildActionMask = 2147483647;
			files = (
				0A8C48B6168E968200615C6F /* main.m in Sources */,
				0A8C48BA168E968200615C6F /* AppDelegate.m in Sources */,
				0A8C48E2168E998000615C6F /* MainViewController.m in Sources */,
				0A8C48EB168E9A4500615C6F /* FirstViewController.m in Sources */,
				0A8C48F3168E9A6400615C6F /* SecondViewController.m in Sources */,
				0A8C48FB168E9A8800615C6F /* ThirdViewController.m in Sources */,
				0A8C4903168E9AB600615C6F /* FourViewController.m in Sources */,
				0A8C491E168EDB3000615C6F /* InfoViewController.m in Sources */,
				0A8C4934168F0EA100615C6F /* Reachability.m in Sources */,
				0AF8E8761693EBBF00C8C473 /* Place.m in Sources */,
				0AFBBB7B169415A2003C29EB /* MessageViewController.m in Sources */,
				0AFBBC2316952AFA003C29EB /* iCarousel.m in Sources */,
				0AFBBC2816952BCD003C29EB /* DetailViewController.m in Sources */,
				0AD8E6691696B5B000607B42 /* DataBase.m in Sources */,
				0AD8E6721696BB5D00607B42 /* DatePlan.m in Sources */,
				0A0C95DB169888BC00CB68C6 /* URLEncode.m in Sources */,
				0A357E2A1699580500C53BF2 /* MBProgressHUD.m in Sources */,
				0A2416601699C3AB0024922E /* CardViewController.m in Sources */,
				0AA7E368169AA34400E5B9E3 /* QRCodeGenerator.m in Sources */,
				0AA7E369169AA34400E5B9E3 /* qrencode.c in Sources */,
				0AA7E36A169AA34400E5B9E3 /* qrinput.c in Sources */,
				0AA7E36B169AA34400E5B9E3 /* qrspec.c in Sources */,
				0AA7E36C169AA34400E5B9E3 /* rscode.c in Sources */,
				0AA7E36D169AA34400E5B9E3 /* split.c in Sources */,
				0AA7E372169AA35D00E5B9E3 /* bitstream.c in Sources */,
				0AA7E373169AA35D00E5B9E3 /* mask.c in Sources */,
				0AA7E3A2169ACE8900E5B9E3 /* MScanViewController.m in Sources */,
				0ACE9A7C169D665300AFAC16 /* QRcodeData.m in Sources */,
				0AAAA02E169FAE780051710E /* DateViewController.m in Sources */,
				0AF61D0F16A3B1F30061F957 /* DownLoadString.m in Sources */,
				0AD677EA16A505C80057D82F /* TopBarView.m in Sources */,
				0AAFAC9516A69383004DCEB9 /* OpinionsViewController.m in Sources */,
			);
			runOnlyForDeploymentPostprocessing = 0;
		};
		0A8C48C1168E968300615C6F /* Sources */ = {
			isa = PBXSourcesBuildPhase;
			buildActionMask = 2147483647;
			files = (
				0A8C48D5168E968300615C6F /* AppJoinTests.m in Sources */,
				0A8C48E3168E998000615C6F /* MainViewController.m in Sources */,
				0A8C48EC168E9A4500615C6F /* FirstViewController.m in Sources */,
				0A8C48F4168E9A6400615C6F /* SecondViewController.m in Sources */,
				0A8C48FC168E9A8800615C6F /* ThirdViewController.m in Sources */,
				0A8C4904168E9AB600615C6F /* FourViewController.m in Sources */,
				0A8C491F168EDB3000615C6F /* InfoViewController.m in Sources */,
				0A8C4935168F0EA100615C6F /* Reachability.m in Sources */,
				0AFBBB7C169415A2003C29EB /* MessageViewController.m in Sources */,
				0A0C95DC169888BC00CB68C6 /* URLEncode.m in Sources */,
				0A357E2B1699580500C53BF2 /* MBProgressHUD.m in Sources */,
				0A2416611699C3AB0024922E /* CardViewController.m in Sources */,
			);
			runOnlyForDeploymentPostprocessing = 0;
		};
/* End PBXSourcesBuildPhase section */

/* Begin PBXTargetDependency section */
		0A8C48CC168E968300615C6F /* PBXTargetDependency */ = {
			isa = PBXTargetDependency;
			target = 0A8C48A4168E968200615C6F /* AppJoin */;
			targetProxy = 0A8C48CB168E968300615C6F /* PBXContainerItemProxy */;
		};
/* End PBXTargetDependency section */

/* Begin PBXVariantGroup section */
		0A8C48B2168E968200615C6F /* InfoPlist.strings */ = {
			isa = PBXVariantGroup;
			children = (
				0A8C48B3168E968200615C6F /* en */,
			);
			name = InfoPlist.strings;
			sourceTree = "<group>";
		};
		0A8C48D0168E968300615C6F /* InfoPlist.strings */ = {
			isa = PBXVariantGroup;
			children = (
				0A8C48D1168E968300615C6F /* en */,
			);
			name = InfoPlist.strings;
			sourceTree = "<group>";
		};
/* End PBXVariantGroup section */

/* Begin XCBuildConfiguration section */
		0A8C48D6168E968300615C6F /* Debug */ = {
			isa = XCBuildConfiguration;
			buildSettings = {
				ALWAYS_SEARCH_USER_PATHS = NO;
				CLANG_CXX_LANGUAGE_STANDARD = "gnu++0x";
				CLANG_CXX_LIBRARY = "libc++";
				CLANG_WARN_EMPTY_BODY = YES;
				CLANG_WARN__DUPLICATE_METHOD_MATCH = YES;
				CODE_SIGN_IDENTITY = "iPhone Developer: DEYING ZHAO (GKB48HWMC8)";
				"CODE_SIGN_IDENTITY[sdk=iphoneos*]" = "iPhone Developer: DEYING ZHAO (GKB48HWMC8)";
				COPY_PHASE_STRIP = NO;
				GCC_C_LANGUAGE_STANDARD = gnu99;
				GCC_DYNAMIC_NO_PIC = NO;
				GCC_OPTIMIZATION_LEVEL = 0;
				GCC_PREPROCESSOR_DEFINITIONS = (
					"DEBUG=1",
					"$(inherited)",
				);
				GCC_SYMBOLS_PRIVATE_EXTERN = NO;
				GCC_WARN_ABOUT_RETURN_TYPE = YES;
				GCC_WARN_UNINITIALIZED_AUTOS = YES;
				GCC_WARN_UNUSED_VARIABLE = YES;
				IPHONEOS_DEPLOYMENT_TARGET = 6.0;
				ONLY_ACTIVE_ARCH = YES;
				PROVISIONING_PROFILE = "";
				"PROVISIONING_PROFILE[sdk=iphoneos*]" = "92BE8697-F424-4C44-AFD9-BBDA5CF86BBB";
				SDKROOT = iphoneos;
			};
			name = Debug;
		};
		0A8C48D7168E968300615C6F /* Release */ = {
			isa = XCBuildConfiguration;
			buildSettings = {
				ALWAYS_SEARCH_USER_PATHS = NO;
				CLANG_CXX_LANGUAGE_STANDARD = "gnu++0x";
				CLANG_CXX_LIBRARY = "libc++";
				CLANG_WARN_EMPTY_BODY = YES;
				CLANG_WARN__DUPLICATE_METHOD_MATCH = YES;
				CODE_SIGN_IDENTITY = "iPhone Developer: DEYING ZHAO (GKB48HWMC8)";
				"CODE_SIGN_IDENTITY[sdk=iphoneos*]" = "iPhone Developer: DEYING ZHAO (GKB48HWMC8)";
				COPY_PHASE_STRIP = YES;
				GCC_C_LANGUAGE_STANDARD = gnu99;
				GCC_WARN_ABOUT_RETURN_TYPE = YES;
				GCC_WARN_UNINITIALIZED_AUTOS = YES;
				GCC_WARN_UNUSED_VARIABLE = YES;
				IPHONEOS_DEPLOYMENT_TARGET = 6.0;
				OTHER_CFLAGS = "-DNS_BLOCK_ASSERTIONS=1";
				PROVISIONING_PROFILE = "92BE8697-F424-4C44-AFD9-BBDA5CF86BBB";
				"PROVISIONING_PROFILE[sdk=iphoneos*]" = "92BE8697-F424-4C44-AFD9-BBDA5CF86BBB";
				SDKROOT = iphoneos;
				VALIDATE_PRODUCT = YES;
			};
			name = Release;
		};
		0A8C48D9168E968300615C6F /* Debug */ = {
			isa = XCBuildConfiguration;
			buildSettings = {
				GCC_PRECOMPILE_PREFIX_HEADER = YES;
				GCC_PREFIX_HEADER = "AppJoin/AppJoin-Prefix.pch";
				INFOPLIST_FILE = "AppJoin/AppJoin-Info.plist";
				LIBRARY_SEARCH_PATHS = (
					"$(inherited)",
					"\"$(SRCROOT)/ZBarSDK\"",
				);
				PRODUCT_NAME = "$(TARGET_NAME)";
				WRAPPER_EXTENSION = app;
			};
			name = Debug;
		};
		0A8C48DA168E968300615C6F /* Release */ = {
			isa = XCBuildConfiguration;
			buildSettings = {
				CODE_SIGN_IDENTITY = "iPhone Developer: DEYING ZHAO (GKB48HWMC8)";
				GCC_PRECOMPILE_PREFIX_HEADER = YES;
				GCC_PREFIX_HEADER = "AppJoin/AppJoin-Prefix.pch";
				INFOPLIST_FILE = "AppJoin/AppJoin-Info.plist";
				LIBRARY_SEARCH_PATHS = (
					"$(inherited)",
					"\"$(SRCROOT)/ZBarSDK\"",
				);
				PRODUCT_NAME = "$(TARGET_NAME)";
				PROVISIONING_PROFILE = "92BE8697-F424-4C44-AFD9-BBDA5CF86BBB";
				WRAPPER_EXTENSION = app;
			};
			name = Release;
		};
		0A8C48DC168E968300615C6F /* Debug */ = {
			isa = XCBuildConfiguration;
			buildSettings = {
				BUNDLE_LOADER = "$(BUILT_PRODUCTS_DIR)/AppJoin.app/AppJoin";
				FRAMEWORK_SEARCH_PATHS = (
					"\"$(SDKROOT)/Developer/Library/Frameworks\"",
					"\"$(DEVELOPER_LIBRARY_DIR)/Frameworks\"",
				);
				GCC_PRECOMPILE_PREFIX_HEADER = YES;
				GCC_PREFIX_HEADER = "AppJoin/AppJoin-Prefix.pch";
				INFOPLIST_FILE = "AppJoinTests/AppJoinTests-Info.plist";
				PRODUCT_NAME = "$(TARGET_NAME)";
				TEST_HOST = "$(BUNDLE_LOADER)";
				WRAPPER_EXTENSION = octest;
			};
			name = Debug;
		};
		0A8C48DD168E968300615C6F /* Release */ = {
			isa = XCBuildConfiguration;
			buildSettings = {
				BUNDLE_LOADER = "$(BUILT_PRODUCTS_DIR)/AppJoin.app/AppJoin";
				FRAMEWORK_SEARCH_PATHS = (
					"\"$(SDKROOT)/Developer/Library/Frameworks\"",
					"\"$(DEVELOPER_LIBRARY_DIR)/Frameworks\"",
				);
				GCC_PRECOMPILE_PREFIX_HEADER = YES;
				GCC_PREFIX_HEADER = "AppJoin/AppJoin-Prefix.pch";
				INFOPLIST_FILE = "AppJoinTests/AppJoinTests-Info.plist";
				PRODUCT_NAME = "$(TARGET_NAME)";
				TEST_HOST = "$(BUNDLE_LOADER)";
				WRAPPER_EXTENSION = octest;
			};
			name = Release;
		};
/* End XCBuildConfiguration section */

/* Begin XCConfigurationList section */
		0A8C489F168E968200615C6F /* Build configuration list for PBXProject "AppJoin" */ = {
			isa = XCConfigurationList;
			buildConfigurations = (
				0A8C48D6168E968300615C6F /* Debug */,
				0A8C48D7168E968300615C6F /* Release */,
			);
			defaultConfigurationIsVisible = 0;
			defaultConfigurationName = Release;
		};
		0A8C48D8168E968300615C6F /* Build configuration list for PBXNativeTarget "AppJoin" */ = {
			isa = XCConfigurationList;
			buildConfigurations = (
				0A8C48D9168E968300615C6F /* Debug */,
				0A8C48DA168E968300615C6F /* Release */,
			);
			defaultConfigurationIsVisible = 0;
			defaultConfigurationName = Release;
		};
		0A8C48DB168E968300615C6F /* Build configuration list for PBXNativeTarget "AppJoinTests" */ = {
			isa = XCConfigurationList;
			buildConfigurations = (
				0A8C48DC168E968300615C6F /* Debug */,
				0A8C48DD168E968300615C6F /* Release */,
			);
			defaultConfigurationIsVisible = 0;
			defaultConfigurationName = Release;
		};
/* End XCConfigurationList section */
	};
	rootObject = 0A8C489C168E968200615C6F /* Project object */;
}
