// !$*UTF8*$!
{
	archiveVersion = 1;
	classes = {
	};
	objectVersion = 46;
	objects = {

/* Begin PBXBuildFile section */
		0A0C95C7169843DF00CB68C6 /* OpinionViewController.m in Sources */ = {isa = PBXBuildFile; fileRef = 0A0C95C5169843DF00CB68C6 /* OpinionViewController.m */; };
		0A0C95C8169843DF00CB68C6 /* OpinionViewController.m in Sources */ = {isa = PBXBuildFile; fileRef = 0A0C95C5169843DF00CB68C6 /* OpinionViewController.m */; };
		0A0C95C9169843DF00CB68C6 /* OpinionViewController.xib in Resources */ = {isa = PBXBuildFile; fileRef = 0A0C95C6169843DF00CB68C6 /* OpinionViewController.xib */; };
		0A0C95CA169843DF00CB68C6 /* OpinionViewController.xib in Resources */ = {isa = PBXBuildFile; fileRef = 0A0C95C6169843DF00CB68C6 /* OpinionViewController.xib */; };
		0A0C95CC169846D900CB68C6 /* 意见输入框.png in Resources */ = {isa = PBXBuildFile; fileRef = 0A0C95CB169846D900CB68C6 /* 意见输入框.png */; };
		0A0C95CD169846D900CB68C6 /* 意见输入框.png in Resources */ = {isa = PBXBuildFile; fileRef = 0A0C95CB169846D900CB68C6 /* 意见输入框.png */; };
		0A0C95CF169846DE00CB68C6 /* 提出反馈按钮.png in Resources */ = {isa = PBXBuildFile; fileRef = 0A0C95CE169846DE00CB68C6 /* 提出反馈按钮.png */; };
		0A0C95D0169846DE00CB68C6 /* 提出反馈按钮.png in Resources */ = {isa = PBXBuildFile; fileRef = 0A0C95CE169846DE00CB68C6 /* 提出反馈按钮.png */; };
		0A0C95DB169888BC00CB68C6 /* URLEncode.m in Sources */ = {isa = PBXBuildFile; fileRef = 0A0C95DA169888BC00CB68C6 /* URLEncode.m */; };
		0A0C95DC169888BC00CB68C6 /* URLEncode.m in Sources */ = {isa = PBXBuildFile; fileRef = 0A0C95DA169888BC00CB68C6 /* URLEncode.m */; };
		0A2416601699C3AB0024922E /* CardViewController.m in Sources */ = {isa = PBXBuildFile; fileRef = 0A24165F1699C3AB0024922E /* CardViewController.m */; };
		0A2416611699C3AB0024922E /* CardViewController.m in Sources */ = {isa = PBXBuildFile; fileRef = 0A24165F1699C3AB0024922E /* CardViewController.m */; };
		0A2416631699C44B0024922E /* Card.plist in Resources */ = {isa = PBXBuildFile; fileRef = 0A2416621699C44B0024922E /* Card.plist */; };
		0A2416641699C44B0024922E /* Card.plist in Resources */ = {isa = PBXBuildFile; fileRef = 0A2416621699C44B0024922E /* Card.plist */; };
		0A357E2A1699580500C53BF2 /* MBProgressHUD.m in Sources */ = {isa = PBXBuildFile; fileRef = 0A357E291699580500C53BF2 /* MBProgressHUD.m */; };
		0A357E2B1699580500C53BF2 /* MBProgressHUD.m in Sources */ = {isa = PBXBuildFile; fileRef = 0A357E291699580500C53BF2 /* MBProgressHUD.m */; };
		0A8C48AA168E968200615C6F /* UIKit.framework in Frameworks */ = {isa = PBXBuildFile; fileRef = 0A8C48A9168E968200615C6F /* UIKit.framework */; };
		0A8C48AC168E968200615C6F /* Foundation.framework in Frameworks */ = {isa = PBXBuildFile; fileRef = 0A8C48AB168E968200615C6F /* Foundation.framework */; };
		0A8C48AE168E968200615C6F /* CoreGraphics.framework in Frameworks */ = {isa = PBXBuildFile; fileRef = 0A8C48AD168E968200615C6F /* CoreGraphics.framework */; };
		0A8C48B4168E968200615C6F /* InfoPlist.strings in Resources */ = {isa = PBXBuildFile; fileRef = 0A8C48B2168E968200615C6F /* InfoPlist.strings */; };
		0A8C48B6168E968200615C6F /* main.m in Sources */ = {isa = PBXBuildFile; fileRef = 0A8C48B5168E968200615C6F /* main.m */; };
		0A8C48BA168E968200615C6F /* AppDelegate.m in Sources */ = {isa = PBXBuildFile; fileRef = 0A8C48B9168E968200615C6F /* AppDelegate.m */; };
		0A8C48BC168E968200615C6F /* Default.png in Resources */ = {isa = PBXBuildFile; fileRef = 0A8C48BB168E968200615C6F /* Default.png */; };
		0A8C48BE168E968200615C6F /* Default@2x.png in Resources */ = {isa = PBXBuildFile; fileRef = 0A8C48BD168E968200615C6F /* Default@2x.png */; };
		0A8C48C0168E968200615C6F /* Default-568h@2x.png in Resources */ = {isa = PBXBuildFile; fileRef = 0A8C48BF168E968200615C6F /* Default-568h@2x.png */; };
		0A8C48C8168E968300615C6F /* SenTestingKit.framework in Frameworks */ = {isa = PBXBuildFile; fileRef = 0A8C48C7168E968300615C6F /* SenTestingKit.framework */; };
		0A8C48C9168E968300615C6F /* UIKit.framework in Frameworks */ = {isa = PBXBuildFile; fileRef = 0A8C48A9168E968200615C6F /* UIKit.framework */; };
		0A8C48CA168E968300615C6F /* Foundation.framework in Frameworks */ = {isa = PBXBuildFile; fileRef = 0A8C48AB168E968200615C6F /* Foundation.framework */; };
		0A8C48D2168E968300615C6F /* InfoPlist.strings in Resources */ = {isa = PBXBuildFile; fileRef = 0A8C48D0168E968300615C6F /* InfoPlist.strings */; };
		0A8C48D5168E968300615C6F /* AppJoinTests.m in Sources */ = {isa = PBXBuildFile; fileRef = 0A8C48D4168E968300615C6F /* AppJoinTests.m */; };
		0A8C48E2168E998000615C6F /* MainViewController.m in Sources */ = {isa = PBXBuildFile; fileRef = 0A8C48E0168E998000615C6F /* MainViewController.m */; };
		0A8C48E3168E998000615C6F /* MainViewController.m in Sources */ = {isa = PBXBuildFile; fileRef = 0A8C48E0168E998000615C6F /* MainViewController.m */; };
		0A8C48E4168E998000615C6F /* MainViewController.xib in Resources */ = {isa = PBXBuildFile; fileRef = 0A8C48E1168E998000615C6F /* MainViewController.xib */; };
		0A8C48E5168E998000615C6F /* MainViewController.xib in Resources */ = {isa = PBXBuildFile; fileRef = 0A8C48E1168E998000615C6F /* MainViewController.xib */; };
		0A8C48EB168E9A4500615C6F /* FirstViewController.m in Sources */ = {isa = PBXBuildFile; fileRef = 0A8C48E9168E9A4500615C6F /* FirstViewController.m */; };
		0A8C48EC168E9A4500615C6F /* FirstViewController.m in Sources */ = {isa = PBXBuildFile; fileRef = 0A8C48E9168E9A4500615C6F /* FirstViewController.m */; };
		0A8C48ED168E9A4500615C6F /* FirstViewController.xib in Resources */ = {isa = PBXBuildFile; fileRef = 0A8C48EA168E9A4500615C6F /* FirstViewController.xib */; };
		0A8C48EE168E9A4500615C6F /* FirstViewController.xib in Resources */ = {isa = PBXBuildFile; fileRef = 0A8C48EA168E9A4500615C6F /* FirstViewController.xib */; };
		0A8C48F3168E9A6400615C6F /* SecondViewController.m in Sources */ = {isa = PBXBuildFile; fileRef = 0A8C48F1168E9A6400615C6F /* SecondViewController.m */; };
		0A8C48F4168E9A6400615C6F /* SecondViewController.m in Sources */ = {isa = PBXBuildFile; fileRef = 0A8C48F1168E9A6400615C6F /* SecondViewController.m */; };
		0A8C48F5168E9A6400615C6F /* SecondViewController.xib in Resources */ = {isa = PBXBuildFile; fileRef = 0A8C48F2168E9A6400615C6F /* SecondViewController.xib */; };
		0A8C48F6168E9A6400615C6F /* SecondViewController.xib in Resources */ = {isa = PBXBuildFile; fileRef = 0A8C48F2168E9A6400615C6F /* SecondViewController.xib */; };
		0A8C48FB168E9A8800615C6F /* ThirdViewController.m in Sources */ = {isa = PBXBuildFile; fileRef = 0A8C48F9168E9A8800615C6F /* ThirdViewController.m */; };
		0A8C48FC168E9A8800615C6F /* ThirdViewController.m in Sources */ = {isa = PBXBuildFile; fileRef = 0A8C48F9168E9A8800615C6F /* ThirdViewController.m */; };
		0A8C48FD168E9A8800615C6F /* ThirdViewController.xib in Resources */ = {isa = PBXBuildFile; fileRef = 0A8C48FA168E9A8800615C6F /* ThirdViewController.xib */; };
		0A8C48FE168E9A8800615C6F /* ThirdViewController.xib in Resources */ = {isa = PBXBuildFile; fileRef = 0A8C48FA168E9A8800615C6F /* ThirdViewController.xib */; };
		0A8C4903168E9AB600615C6F /* FourViewController.m in Sources */ = {isa = PBXBuildFile; fileRef = 0A8C4901168E9AB600615C6F /* FourViewController.m */; };
		0A8C4904168E9AB600615C6F /* FourViewController.m in Sources */ = {isa = PBXBuildFile; fileRef = 0A8C4901168E9AB600615C6F /* FourViewController.m */; };
		0A8C4905168E9AB600615C6F /* FourViewController.xib in Resources */ = {isa = PBXBuildFile; fileRef = 0A8C4902168E9AB600615C6F /* FourViewController.xib */; };
		0A8C4906168E9AB600615C6F /* FourViewController.xib in Resources */ = {isa = PBXBuildFile; fileRef = 0A8C4902168E9AB600615C6F /* FourViewController.xib */; };
		0A8C490D168EA52500615C6F /* 主页.png in Resources */ = {isa = PBXBuildFile; fileRef = 0A8C4908168EA52500615C6F /* 主页.png */; };
		0A8C490E168EA52500615C6F /* 主页.png in Resources */ = {isa = PBXBuildFile; fileRef = 0A8C4908168EA52500615C6F /* 主页.png */; };
		0A8C490F168EA52500615C6F /* 收藏.png in Resources */ = {isa = PBXBuildFile; fileRef = 0A8C4909168EA52500615C6F /* 收藏.png */; };
		0A8C4910168EA52500615C6F /* 收藏.png in Resources */ = {isa = PBXBuildFile; fileRef = 0A8C4909168EA52500615C6F /* 收藏.png */; };
		0A8C4911168EA52500615C6F /* 更多.png in Resources */ = {isa = PBXBuildFile; fileRef = 0A8C490A168EA52500615C6F /* 更多.png */; };
		0A8C4912168EA52500615C6F /* 更多.png in Resources */ = {isa = PBXBuildFile; fileRef = 0A8C490A168EA52500615C6F /* 更多.png */; };
		0A8C4913168EA52500615C6F /* 看展会.png in Resources */ = {isa = PBXBuildFile; fileRef = 0A8C490B168EA52500615C6F /* 看展会.png */; };
		0A8C4914168EA52500615C6F /* 看展会.png in Resources */ = {isa = PBXBuildFile; fileRef = 0A8C490B168EA52500615C6F /* 看展会.png */; };
		0A8C4915168EA52500615C6F /* 资讯.png in Resources */ = {isa = PBXBuildFile; fileRef = 0A8C490C168EA52500615C6F /* 资讯.png */; };
		0A8C4916168EA52500615C6F /* 资讯.png in Resources */ = {isa = PBXBuildFile; fileRef = 0A8C490C168EA52500615C6F /* 资讯.png */; };
		0A8C491E168EDB3000615C6F /* InfoViewController.m in Sources */ = {isa = PBXBuildFile; fileRef = 0A8C491D168EDB3000615C6F /* InfoViewController.m */; };
		0A8C491F168EDB3000615C6F /* InfoViewController.m in Sources */ = {isa = PBXBuildFile; fileRef = 0A8C491D168EDB3000615C6F /* InfoViewController.m */; };
		0A8C492E168EEA0500615C6F /* 37x-Checkmark.png in Resources */ = {isa = PBXBuildFile; fileRef = 0A8C492D168EEA0500615C6F /* 37x-Checkmark.png */; };
		0A8C492F168EEA0500615C6F /* 37x-Checkmark.png in Resources */ = {isa = PBXBuildFile; fileRef = 0A8C492D168EEA0500615C6F /* 37x-Checkmark.png */; };
		0A8C4934168F0EA100615C6F /* Reachability.m in Sources */ = {isa = PBXBuildFile; fileRef = 0A8C4933168F0EA100615C6F /* Reachability.m */; };
		0A8C4935168F0EA100615C6F /* Reachability.m in Sources */ = {isa = PBXBuildFile; fileRef = 0A8C4933168F0EA100615C6F /* Reachability.m */; };
		0A8C493B168F0F0000615C6F /* SystemConfiguration.framework in Frameworks */ = {isa = PBXBuildFile; fileRef = 0A8C493A168F0EFF00615C6F /* SystemConfiguration.framework */; };
		0AD8E6691696B5B000607B42 /* DataBase.m in Sources */ = {isa = PBXBuildFile; fileRef = 0AD8E6681696B5B000607B42 /* DataBase.m */; };
		0AD8E66B1696B5D100607B42 /* libsqlite3.dylib in Frameworks */ = {isa = PBXBuildFile; fileRef = 0AD8E66A1696B5D100607B42 /* libsqlite3.dylib */; };
		0AD8E6721696BB5D00607B42 /* DatePlan.m in Sources */ = {isa = PBXBuildFile; fileRef = 0AD8E6711696BB5D00607B42 /* DatePlan.m */; };
		0AF8E8651693D26400C8C473 /* bar_background.png in Resources */ = {isa = PBXBuildFile; fileRef = 0AF8E8641693D26400C8C473 /* bar_background.png */; };
		0AF8E8681693D35D00C8C473 /* bar_background@2x.png in Resources */ = {isa = PBXBuildFile; fileRef = 0AF8E8671693D35D00C8C473 /* bar_background@2x.png */; };
		0AF8E86A1693E2FE00C8C473 /* MapKit.framework in Frameworks */ = {isa = PBXBuildFile; fileRef = 0AF8E8691693E2FD00C8C473 /* MapKit.framework */; };
		0AF8E8731693E93100C8C473 /* CoreLocation.framework in Frameworks */ = {isa = PBXBuildFile; fileRef = 0AF8E8721693E93100C8C473 /* CoreLocation.framework */; };
		0AF8E8761693EBBF00C8C473 /* Place.m in Sources */ = {isa = PBXBuildFile; fileRef = 0AF8E8751693EBBF00C8C473 /* Place.m */; };
		0AF8E8781693EEFF00C8C473 /* Arrow-Icon.png in Resources */ = {isa = PBXBuildFile; fileRef = 0AF8E8771693EEFF00C8C473 /* Arrow-Icon.png */; };
		0AF8E87A1693EF3900C8C473 /* 附近.png in Resources */ = {isa = PBXBuildFile; fileRef = 0AF8E8791693EF3900C8C473 /* 附近.png */; };
		0AFBBB7B169415A2003C29EB /* MessageViewController.m in Sources */ = {isa = PBXBuildFile; fileRef = 0AFBBB7A169415A2003C29EB /* MessageViewController.m */; };
		0AFBBB7C169415A2003C29EB /* MessageViewController.m in Sources */ = {isa = PBXBuildFile; fileRef = 0AFBBB7A169415A2003C29EB /* MessageViewController.m */; };
		0AFBBC2316952AFA003C29EB /* iCarousel.m in Sources */ = {isa = PBXBuildFile; fileRef = 0AFBBC2216952AFA003C29EB /* iCarousel.m */; };
		0AFBBC2516952B32003C29EB /* QuartzCore.framework in Frameworks */ = {isa = PBXBuildFile; fileRef = 0AFBBC2416952B32003C29EB /* QuartzCore.framework */; };
		0AFBBC2816952BCD003C29EB /* DetailViewController.m in Sources */ = {isa = PBXBuildFile; fileRef = 0AFBBC2716952BCD003C29EB /* DetailViewController.m */; };
		0AFBBC2F16952BFE003C29EB /* huan1.jpg in Resources */ = {isa = PBXBuildFile; fileRef = 0AFBBC2916952BFE003C29EB /* huan1.jpg */; };
		0AFBBC3016952BFE003C29EB /* huan2.jpg in Resources */ = {isa = PBXBuildFile; fileRef = 0AFBBC2A16952BFE003C29EB /* huan2.jpg */; };
		0AFBBC3116952BFE003C29EB /* huan3.jpg in Resources */ = {isa = PBXBuildFile; fileRef = 0AFBBC2B16952BFE003C29EB /* huan3.jpg */; };
		0AFBBC3216952BFE003C29EB /* huan4.jpg in Resources */ = {isa = PBXBuildFile; fileRef = 0AFBBC2C16952BFE003C29EB /* huan4.jpg */; };
		0AFBBC3316952BFE003C29EB /* huan5.jpg in Resources */ = {isa = PBXBuildFile; fileRef = 0AFBBC2D16952BFE003C29EB /* huan5.jpg */; };
		0AFBBC3416952BFE003C29EB /* huan6.jpg in Resources */ = {isa = PBXBuildFile; fileRef = 0AFBBC2E16952BFE003C29EB /* huan6.jpg */; };
/* End PBXBuildFile section */

/* Begin PBXContainerItemProxy section */
		0A8C48CB168E968300615C6F /* PBXContainerItemProxy */ = {
			isa = PBXContainerItemProxy;
			containerPortal = 0A8C489C168E968200615C6F /* Project object */;
			proxyType = 1;
			remoteGlobalIDString = 0A8C48A4168E968200615C6F;
			remoteInfo = AppJoin;
		};
/* End PBXContainerItemProxy section */

/* Begin PBXFileReference section */
		0A0C95C4169843DF00CB68C6 /* OpinionViewController.h */ = {isa = PBXFileReference; fileEncoding = 4; lastKnownFileType = sourcecode.c.h; path = OpinionViewController.h; sourceTree = "<group>"; };
		0A0C95C5169843DF00CB68C6 /* OpinionViewController.m */ = {isa = PBXFileReference; fileEncoding = 4; lastKnownFileType = sourcecode.c.objc; path = OpinionViewController.m; sourceTree = "<group>"; };
		0A0C95C6169843DF00CB68C6 /* OpinionViewController.xib */ = {isa = PBXFileReference; fileEncoding = 4; lastKnownFileType = file.xib; path = OpinionViewController.xib; sourceTree = "<group>"; };
		0A0C95CB169846D900CB68C6 /* 意见输入框.png */ = {isa = PBXFileReference; lastKnownFileType = image.png; path = "意见输入框.png"; sourceTree = "<group>"; };
		0A0C95CE169846DE00CB68C6 /* 提出反馈按钮.png */ = {isa = PBXFileReference; lastKnownFileType = image.png; path = "提出反馈按钮.png"; sourceTree = "<group>"; };
		0A0C95D9169888BC00CB68C6 /* URLEncode.h */ = {isa = PBXFileReference; fileEncoding = 4; lastKnownFileType = sourcecode.c.h; path = URLEncode.h; sourceTree = "<group>"; };
		0A0C95DA169888BC00CB68C6 /* URLEncode.m */ = {isa = PBXFileReference; fileEncoding = 4; lastKnownFileType = sourcecode.c.objc; path = URLEncode.m; sourceTree = "<group>"; };
		0A24165E1699C3AB0024922E /* CardViewController.h */ = {isa = PBXFileReference; fileEncoding = 4; lastKnownFileType = sourcecode.c.h; path = CardViewController.h; sourceTree = "<group>"; };
		0A24165F1699C3AB0024922E /* CardViewController.m */ = {isa = PBXFileReference; fileEncoding = 4; lastKnownFileType = sourcecode.c.objc; path = CardViewController.m; sourceTree = "<group>"; };
		0A2416621699C44B0024922E /* Card.plist */ = {isa = PBXFileReference; fileEncoding = 4; lastKnownFileType = text.plist.xml; path = Card.plist; sourceTree = "<group>"; };
		0A357E281699580500C53BF2 /* MBProgressHUD.h */ = {isa = PBXFileReference; fileEncoding = 4; lastKnownFileType = sourcecode.c.h; path = MBProgressHUD.h; sourceTree = "<group>"; };
		0A357E291699580500C53BF2 /* MBProgressHUD.m */ = {isa = PBXFileReference; fileEncoding = 4; lastKnownFileType = sourcecode.c.objc; path = MBProgressHUD.m; sourceTree = "<group>"; };
		0A8C48A5168E968200615C6F /* AppJoin.app */ = {isa = PBXFileReference; explicitFileType = wrapper.application; includeInIndex = 0; path = AppJoin.app; sourceTree = BUILT_PRODUCTS_DIR; };
		0A8C48A9168E968200615C6F /* UIKit.framework */ = {isa = PBXFileReference; lastKnownFileType = wrapper.framework; name = UIKit.framework; path = System/Library/Frameworks/UIKit.framework; sourceTree = SDKROOT; };
		0A8C48AB168E968200615C6F /* Foundation.framework */ = {isa = PBXFileReference; lastKnownFileType = wrapper.framework; name = Foundation.framework; path = System/Library/Frameworks/Foundation.framework; sourceTree = SDKROOT; };
		0A8C48AD168E968200615C6F /* CoreGraphics.framework */ = {isa = PBXFileReference; lastKnownFileType = wrapper.framework; name = CoreGraphics.framework; path = System/Library/Frameworks/CoreGraphics.framework; sourceTree = SDKROOT; };
		0A8C48B1168E968200615C6F /* AppJoin-Info.plist */ = {isa = PBXFileReference; lastKnownFileType = text.plist.xml; path = "AppJoin-Info.plist"; sourceTree = "<group>"; };
		0A8C48B3168E968200615C6F /* en */ = {isa = PBXFileReference; lastKnownFileType = text.plist.strings; name = en; path = en.lproj/InfoPlist.strings; sourceTree = "<group>"; };
		0A8C48B5168E968200615C6F /* main.m */ = {isa = PBXFileReference; lastKnownFileType = sourcecode.c.objc; path = main.m; sourceTree = "<group>"; };
		0A8C48B7168E968200615C6F /* AppJoin-Prefix.pch */ = {isa = PBXFileReference; lastKnownFileType = sourcecode.c.h; path = "AppJoin-Prefix.pch"; sourceTree = "<group>"; };
		0A8C48B8168E968200615C6F /* AppDelegate.h */ = {isa = PBXFileReference; lastKnownFileType = sourcecode.c.h; path = AppDelegate.h; sourceTree = "<group>"; };
		0A8C48B9168E968200615C6F /* AppDelegate.m */ = {isa = PBXFileReference; lastKnownFileType = sourcecode.c.objc; path = AppDelegate.m; sourceTree = "<group>"; };
		0A8C48BB168E968200615C6F /* Default.png */ = {isa = PBXFileReference; lastKnownFileType = image.png; path = Default.png; sourceTree = "<group>"; };
		0A8C48BD168E968200615C6F /* Default@2x.png */ = {isa = PBXFileReference; lastKnownFileType = image.png; path = "Default@2x.png"; sourceTree = "<group>"; };
		0A8C48BF168E968200615C6F /* Default-568h@2x.png */ = {isa = PBXFileReference; lastKnownFileType = image.png; path = "Default-568h@2x.png"; sourceTree = "<group>"; };
		0A8C48C6168E968300615C6F /* AppJoinTests.octest */ = {isa = PBXFileReference; explicitFileType = wrapper.cfbundle; includeInIndex = 0; path = AppJoinTests.octest; sourceTree = BUILT_PRODUCTS_DIR; };
		0A8C48C7168E968300615C6F /* SenTestingKit.framework */ = {isa = PBXFileReference; lastKnownFileType = wrapper.framework; name = SenTestingKit.framework; path = Library/Frameworks/SenTestingKit.framework; sourceTree = DEVELOPER_DIR; };
		0A8C48CF168E968300615C6F /* AppJoinTests-Info.plist */ = {isa = PBXFileReference; lastKnownFileType = text.plist.xml; path = "AppJoinTests-Info.plist"; sourceTree = "<group>"; };
		0A8C48D1168E968300615C6F /* en */ = {isa = PBXFileReference; lastKnownFileType = text.plist.strings; name = en; path = en.lproj/InfoPlist.strings; sourceTree = "<group>"; };
		0A8C48D3168E968300615C6F /* AppJoinTests.h */ = {isa = PBXFileReference; lastKnownFileType = sourcecode.c.h; path = AppJoinTests.h; sourceTree = "<group>"; };
		0A8C48D4168E968300615C6F /* AppJoinTests.m */ = {isa = PBXFileReference; lastKnownFileType = sourcecode.c.objc; path = AppJoinTests.m; sourceTree = "<group>"; };
		0A8C48DF168E998000615C6F /* MainViewController.h */ = {isa = PBXFileReference; fileEncoding = 4; lastKnownFileType = sourcecode.c.h; path = MainViewController.h; sourceTree = "<group>"; };
		0A8C48E0168E998000615C6F /* MainViewController.m */ = {isa = PBXFileReference; fileEncoding = 4; lastKnownFileType = sourcecode.c.objc; path = MainViewController.m; sourceTree = "<group>"; };
		0A8C48E1168E998000615C6F /* MainViewController.xib */ = {isa = PBXFileReference; fileEncoding = 4; lastKnownFileType = file.xib; path = MainViewController.xib; sourceTree = "<group>"; };
		0A8C48E8168E9A4500615C6F /* FirstViewController.h */ = {isa = PBXFileReference; fileEncoding = 4; lastKnownFileType = sourcecode.c.h; path = FirstViewController.h; sourceTree = "<group>"; };
		0A8C48E9168E9A4500615C6F /* FirstViewController.m */ = {isa = PBXFileReference; fileEncoding = 4; lastKnownFileType = sourcecode.c.objc; path = FirstViewController.m; sourceTree = "<group>"; };
		0A8C48EA168E9A4500615C6F /* FirstViewController.xib */ = {isa = PBXFileReference; fileEncoding = 4; lastKnownFileType = file.xib; path = FirstViewController.xib; sourceTree = "<group>"; };
		0A8C48F0168E9A6400615C6F /* SecondViewController.h */ = {isa = PBXFileReference; fileEncoding = 4; lastKnownFileType = sourcecode.c.h; path = SecondViewController.h; sourceTree = "<group>"; };
		0A8C48F1168E9A6400615C6F /* SecondViewController.m */ = {isa = PBXFileReference; fileEncoding = 4; lastKnownFileType = sourcecode.c.objc; path = SecondViewController.m; sourceTree = "<group>"; };
		0A8C48F2168E9A6400615C6F /* SecondViewController.xib */ = {isa = PBXFileReference; fileEncoding = 4; lastKnownFileType = file.xib; path = SecondViewController.xib; sourceTree = "<group>"; };
		0A8C48F8168E9A8800615C6F /* ThirdViewController.h */ = {isa = PBXFileReference; fileEncoding = 4; lastKnownFileType = sourcecode.c.h; path = ThirdViewController.h; sourceTree = "<group>"; };
		0A8C48F9168E9A8800615C6F /* ThirdViewController.m */ = {isa = PBXFileReference; fileEncoding = 4; lastKnownFileType = sourcecode.c.objc; path = ThirdViewController.m; sourceTree = "<group>"; };
		0A8C48FA168E9A8800615C6F /* ThirdViewController.xib */ = {isa = PBXFileReference; fileEncoding = 4; lastKnownFileType = file.xib; path = ThirdViewController.xib; sourceTree = "<group>"; };
		0A8C4900168E9AB600615C6F /* FourViewController.h */ = {isa = PBXFileReference; fileEncoding = 4; lastKnownFileType = sourcecode.c.h; path = FourViewController.h; sourceTree = "<group>"; };
		0A8C4901168E9AB600615C6F /* FourViewController.m */ = {isa = PBXFileReference; fileEncoding = 4; lastKnownFileType = sourcecode.c.objc; path = FourViewController.m; sourceTree = "<group>"; };
		0A8C4902168E9AB600615C6F /* FourViewController.xib */ = {isa = PBXFileReference; fileEncoding = 4; lastKnownFileType = file.xib; path = FourViewController.xib; sourceTree = "<group>"; };
		0A8C4908168EA52500615C6F /* 主页.png */ = {isa = PBXFileReference; lastKnownFileType = image.png; path = "主页.png"; sourceTree = "<group>"; };
		0A8C4909168EA52500615C6F /* 收藏.png */ = {isa = PBXFileReference; lastKnownFileType = image.png; path = "收藏.png"; sourceTree = "<group>"; };
		0A8C490A168EA52500615C6F /* 更多.png */ = {isa = PBXFileReference; lastKnownFileType = image.png; path = "更多.png"; sourceTree = "<group>"; };
		0A8C490B168EA52500615C6F /* 看展会.png */ = {isa = PBXFileReference; lastKnownFileType = image.png; path = "看展会.png"; sourceTree = "<group>"; };
		0A8C490C168EA52500615C6F /* 资讯.png */ = {isa = PBXFileReference; lastKnownFileType = image.png; path = "资讯.png"; sourceTree = "<group>"; };
		0A8C491C168EDB3000615C6F /* InfoViewController.h */ = {isa = PBXFileReference; fileEncoding = 4; lastKnownFileType = sourcecode.c.h; path = InfoViewController.h; sourceTree = "<group>"; };
		0A8C491D168EDB3000615C6F /* InfoViewController.m */ = {isa = PBXFileReference; fileEncoding = 4; lastKnownFileType = sourcecode.c.objc; path = InfoViewController.m; sourceTree = "<group>"; };
		0A8C492D168EEA0500615C6F /* 37x-Checkmark.png */ = {isa = PBXFileReference; lastKnownFileType = image.png; path = "37x-Checkmark.png"; sourceTree = "<group>"; };
		0A8C4932168F0EA100615C6F /* Reachability.h */ = {isa = PBXFileReference; fileEncoding = 4; lastKnownFileType = sourcecode.c.h; path = Reachability.h; sourceTree = "<group>"; };
		0A8C4933168F0EA100615C6F /* Reachability.m */ = {isa = PBXFileReference; fileEncoding = 4; lastKnownFileType = sourcecode.c.objc; path = Reachability.m; sourceTree = "<group>"; };
		0A8C493A168F0EFF00615C6F /* SystemConfiguration.framework */ = {isa = PBXFileReference; lastKnownFileType = wrapper.framework; name = SystemConfiguration.framework; path = System/Library/Frameworks/SystemConfiguration.framework; sourceTree = SDKROOT; };
		0AD8E6671696B5B000607B42 /* DataBase.h */ = {isa = PBXFileReference; fileEncoding = 4; lastKnownFileType = sourcecode.c.h; path = DataBase.h; sourceTree = "<group>"; };
		0AD8E6681696B5B000607B42 /* DataBase.m */ = {isa = PBXFileReference; fileEncoding = 4; lastKnownFileType = sourcecode.c.objc; path = DataBase.m; sourceTree = "<group>"; };
		0AD8E66A1696B5D100607B42 /* libsqlite3.dylib */ = {isa = PBXFileReference; lastKnownFileType = "compiled.mach-o.dylib"; name = libsqlite3.dylib; path = usr/lib/libsqlite3.dylib; sourceTree = SDKROOT; };
		0AD8E6701696BB5C00607B42 /* DatePlan.h */ = {isa = PBXFileReference; fileEncoding = 4; lastKnownFileType = sourcecode.c.h; path = DatePlan.h; sourceTree = "<group>"; };
		0AD8E6711696BB5D00607B42 /* DatePlan.m */ = {isa = PBXFileReference; fileEncoding = 4; lastKnownFileType = sourcecode.c.objc; path = DatePlan.m; sourceTree = "<group>"; };
		0AF8E8641693D26400C8C473 /* bar_background.png */ = {isa = PBXFileReference; lastKnownFileType = image.png; path = bar_background.png; sourceTree = "<group>"; };
		0AF8E8671693D35D00C8C473 /* bar_background@2x.png */ = {isa = PBXFileReference; lastKnownFileType = image.png; path = "bar_background@2x.png"; sourceTree = "<group>"; };
		0AF8E8691693E2FD00C8C473 /* MapKit.framework */ = {isa = PBXFileReference; lastKnownFileType = wrapper.framework; name = MapKit.framework; path = System/Library/Frameworks/MapKit.framework; sourceTree = SDKROOT; };
		0AF8E8721693E93100C8C473 /* CoreLocation.framework */ = {isa = PBXFileReference; lastKnownFileType = wrapper.framework; name = CoreLocation.framework; path = System/Library/Frameworks/CoreLocation.framework; sourceTree = SDKROOT; };
		0AF8E8741693EBBF00C8C473 /* Place.h */ = {isa = PBXFileReference; fileEncoding = 4; lastKnownFileType = sourcecode.c.h; path = Place.h; sourceTree = "<group>"; };
		0AF8E8751693EBBF00C8C473 /* Place.m */ = {isa = PBXFileReference; fileEncoding = 4; lastKnownFileType = sourcecode.c.objc; path = Place.m; sourceTree = "<group>"; };
		0AF8E8771693EEFF00C8C473 /* Arrow-Icon.png */ = {isa = PBXFileReference; lastKnownFileType = image.png; path = "Arrow-Icon.png"; sourceTree = "<group>"; };
		0AF8E8791693EF3900C8C473 /* 附近.png */ = {isa = PBXFileReference; lastKnownFileType = image.png; path = "附近.png"; sourceTree = "<group>"; };
		0AFBBB79169415A2003C29EB /* MessageViewController.h */ = {isa = PBXFileReference; fileEncoding = 4; lastKnownFileType = sourcecode.c.h; path = MessageViewController.h; sourceTree = "<group>"; };
		0AFBBB7A169415A2003C29EB /* MessageViewController.m */ = {isa = PBXFileReference; fileEncoding = 4; lastKnownFileType = sourcecode.c.objc; path = MessageViewController.m; sourceTree = "<group>"; };
		0AFBBC2116952AFA003C29EB /* iCarousel.h */ = {isa = PBXFileReference; fileEncoding = 4; lastKnownFileType = sourcecode.c.h; path = iCarousel.h; sourceTree = "<group>"; };
		0AFBBC2216952AFA003C29EB /* iCarousel.m */ = {isa = PBXFileReference; fileEncoding = 4; lastKnownFileType = sourcecode.c.objc; path = iCarousel.m; sourceTree = "<group>"; };
		0AFBBC2416952B32003C29EB /* QuartzCore.framework */ = {isa = PBXFileReference; lastKnownFileType = wrapper.framework; name = QuartzCore.framework; path = System/Library/Frameworks/QuartzCore.framework; sourceTree = SDKROOT; };
		0AFBBC2616952BCD003C29EB /* DetailViewController.h */ = {isa = PBXFileReference; fileEncoding = 4; lastKnownFileType = sourcecode.c.h; path = DetailViewController.h; sourceTree = "<group>"; };
		0AFBBC2716952BCD003C29EB /* DetailViewController.m */ = {isa = PBXFileReference; fileEncoding = 4; lastKnownFileType = sourcecode.c.objc; path = DetailViewController.m; sourceTree = "<group>"; };
		0AFBBC2916952BFE003C29EB /* huan1.jpg */ = {isa = PBXFileReference; lastKnownFileType = image.jpeg; path = huan1.jpg; sourceTree = "<group>"; };
		0AFBBC2A16952BFE003C29EB /* huan2.jpg */ = {isa = PBXFileReference; lastKnownFileType = image.jpeg; path = huan2.jpg; sourceTree = "<group>"; };
		0AFBBC2B16952BFE003C29EB /* huan3.jpg */ = {isa = PBXFileReference; lastKnownFileType = image.jpeg; path = huan3.jpg; sourceTree = "<group>"; };
		0AFBBC2C16952BFE003C29EB /* huan4.jpg */ = {isa = PBXFileReference; lastKnownFileType = image.jpeg; path = huan4.jpg; sourceTree = "<group>"; };
		0AFBBC2D16952BFE003C29EB /* huan5.jpg */ = {isa = PBXFileReference; lastKnownFileType = image.jpeg; path = huan5.jpg; sourceTree = "<group>"; };
		0AFBBC2E16952BFE003C29EB /* huan6.jpg */ = {isa = PBXFileReference; lastKnownFileType = image.jpeg; path = huan6.jpg; sourceTree = "<group>"; };
/* End PBXFileReference section */

/* Begin PBXFrameworksBuildPhase section */
		0A8C48A2168E968200615C6F /* Frameworks */ = {
			isa = PBXFrameworksBuildPhase;
			buildActionMask = 2147483647;
			files = (
				0AD8E66B1696B5D100607B42 /* libsqlite3.dylib in Frameworks */,
				0AFBBC2516952B32003C29EB /* QuartzCore.framework in Frameworks */,
				0AF8E8731693E93100C8C473 /* CoreLocation.framework in Frameworks */,
				0AF8E86A1693E2FE00C8C473 /* MapKit.framework in Frameworks */,
				0A8C493B168F0F0000615C6F /* SystemConfiguration.framework in Frameworks */,
				0A8C48AA168E968200615C6F /* UIKit.framework in Frameworks */,
				0A8C48AC168E968200615C6F /* Foundation.framework in Frameworks */,
				0A8C48AE168E968200615C6F /* CoreGraphics.framework in Frameworks */,
			);
			runOnlyForDeploymentPostprocessing = 0;
		};
		0A8C48C2168E968300615C6F /* Frameworks */ = {
			isa = PBXFrameworksBuildPhase;
			buildActionMask = 2147483647;
			files = (
				0A8C48C8168E968300615C6F /* SenTestingKit.framework in Frameworks */,
				0A8C48C9168E968300615C6F /* UIKit.framework in Frameworks */,
				0A8C48CA168E968300615C6F /* Foundation.framework in Frameworks */,
			);
			runOnlyForDeploymentPostprocessing = 0;
		};
/* End PBXFrameworksBuildPhase section */

/* Begin PBXGroup section */
		0A8C489A168E968200615C6F = {
			isa = PBXGroup;
			children = (
				0A8C4924168EE3AB00615C6F /* TheThirdFoundation */,
				0A8C4907168EA4DB00615C6F /* Resources */,
				0A8C48DE168E97CD00615C6F /* Class */,
				0A8C48AF168E968200615C6F /* AppJoin */,
				0A8C48CD168E968300615C6F /* AppJoinTests */,
				0A8C48A8168E968200615C6F /* Frameworks */,
				0A8C48A6168E968200615C6F /* Products */,
			);
			sourceTree = "<group>";
		};
		0A8C48A6168E968200615C6F /* Products */ = {
			isa = PBXGroup;
			children = (
				0A8C48A5168E968200615C6F /* AppJoin.app */,
				0A8C48C6168E968300615C6F /* AppJoinTests.octest */,
			);
			name = Products;
			sourceTree = "<group>";
		};
		0A8C48A8168E968200615C6F /* Frameworks */ = {
			isa = PBXGroup;
			children = (
				0AD8E66A1696B5D100607B42 /* libsqlite3.dylib */,
				0AFBBC2416952B32003C29EB /* QuartzCore.framework */,
				0AF8E8721693E93100C8C473 /* CoreLocation.framework */,
				0AF8E8691693E2FD00C8C473 /* MapKit.framework */,
				0A8C493A168F0EFF00615C6F /* SystemConfiguration.framework */,
				0A8C48A9168E968200615C6F /* UIKit.framework */,
				0A8C48AB168E968200615C6F /* Foundation.framework */,
				0A8C48AD168E968200615C6F /* CoreGraphics.framework */,
				0A8C48C7168E968300615C6F /* SenTestingKit.framework */,
			);
			name = Frameworks;
			sourceTree = "<group>";
		};
		0A8C48AF168E968200615C6F /* AppJoin */ = {
			isa = PBXGroup;
			children = (
				0A8C48B8168E968200615C6F /* AppDelegate.h */,
				0A8C48B9168E968200615C6F /* AppDelegate.m */,
				0A8C48B0168E968200615C6F /* Supporting Files */,
			);
			path = AppJoin;
			sourceTree = "<group>";
		};
		0A8C48B0168E968200615C6F /* Supporting Files */ = {
			isa = PBXGroup;
			children = (
				0A2416621699C44B0024922E /* Card.plist */,
				0A8C492D168EEA0500615C6F /* 37x-Checkmark.png */,
				0A8C48B1168E968200615C6F /* AppJoin-Info.plist */,
				0A8C48B2168E968200615C6F /* InfoPlist.strings */,
				0A8C48B5168E968200615C6F /* main.m */,
				0A8C48B7168E968200615C6F /* AppJoin-Prefix.pch */,
				0A8C48BB168E968200615C6F /* Default.png */,
				0A8C48BD168E968200615C6F /* Default@2x.png */,
				0A8C48BF168E968200615C6F /* Default-568h@2x.png */,
			);
			name = "Supporting Files";
			sourceTree = "<group>";
		};
		0A8C48CD168E968300615C6F /* AppJoinTests */ = {
			isa = PBXGroup;
			children = (
				0A8C48D3168E968300615C6F /* AppJoinTests.h */,
				0A8C48D4168E968300615C6F /* AppJoinTests.m */,
				0A8C48CE168E968300615C6F /* Supporting Files */,
			);
			path = AppJoinTests;
			sourceTree = "<group>";
		};
		0A8C48CE168E968300615C6F /* Supporting Files */ = {
			isa = PBXGroup;
			children = (
				0A8C48CF168E968300615C6F /* AppJoinTests-Info.plist */,
				0A8C48D0168E968300615C6F /* InfoPlist.strings */,
			);
			name = "Supporting Files";
			sourceTree = "<group>";
		};
		0A8C48DE168E97CD00615C6F /* Class */ = {
			isa = PBXGroup;
			children = (
				0AD8E6661696B58600607B42 /* SQLite */,
				0AD8E66416968DBD00607B42 /* Public */,
				0A8C48FF168E9A8D00615C6F /* FourController */,
				0A8C48F7168E9A6900615C6F /* ThirdController */,
				0A8C48EF168E9A4E00615C6F /* SecondController */,
				0A8C48E7168E9A0600615C6F /* FirstController */,
				0A8C48E6168E998600615C6F /* MainController */,
			);
			name = Class;
			sourceTree = "<group>";
		};
		0A8C48E6168E998600615C6F /* MainController */ = {
			isa = PBXGroup;
			children = (
				0AFBBC2116952AFA003C29EB /* iCarousel.h */,
				0AFBBC2216952AFA003C29EB /* iCarousel.m */,
				0A8C48DF168E998000615C6F /* MainViewController.h */,
				0A8C48E0168E998000615C6F /* MainViewController.m */,
				0A8C48E1168E998000615C6F /* MainViewController.xib */,
				0AFBBC2616952BCD003C29EB /* DetailViewController.h */,
				0AFBBC2716952BCD003C29EB /* DetailViewController.m */,
			);
			name = MainController;
			sourceTree = "<group>";
		};
		0A8C48E7168E9A0600615C6F /* FirstController */ = {
			isa = PBXGroup;
			children = (
				0A8C48E8168E9A4500615C6F /* FirstViewController.h */,
				0A8C48E9168E9A4500615C6F /* FirstViewController.m */,
				0A8C48EA168E9A4500615C6F /* FirstViewController.xib */,
				0AFBBB79169415A2003C29EB /* MessageViewController.h */,
				0AFBBB7A169415A2003C29EB /* MessageViewController.m */,
			);
			name = FirstController;
			sourceTree = "<group>";
		};
		0A8C48EF168E9A4E00615C6F /* SecondController */ = {
			isa = PBXGroup;
			children = (
				0A8C48F0168E9A6400615C6F /* SecondViewController.h */,
				0A8C48F1168E9A6400615C6F /* SecondViewController.m */,
				0A8C48F2168E9A6400615C6F /* SecondViewController.xib */,
			);
			name = SecondController;
			sourceTree = "<group>";
		};
		0A8C48F7168E9A6900615C6F /* ThirdController */ = {
			isa = PBXGroup;
			children = (
				0AF8E8741693EBBF00C8C473 /* Place.h */,
				0AF8E8751693EBBF00C8C473 /* Place.m */,
				0A8C48F8168E9A8800615C6F /* ThirdViewController.h */,
				0A8C48F9168E9A8800615C6F /* ThirdViewController.m */,
				0A8C48FA168E9A8800615C6F /* ThirdViewController.xib */,
			);
			name = ThirdController;
			sourceTree = "<group>";
		};
		0A8C48FF168E9A8D00615C6F /* FourController */ = {
			isa = PBXGroup;
			children = (
				0A8C4900168E9AB600615C6F /* FourViewController.h */,
				0A8C4901168E9AB600615C6F /* FourViewController.m */,
				0A8C4902168E9AB600615C6F /* FourViewController.xib */,
				0A0C95C4169843DF00CB68C6 /* OpinionViewController.h */,
				0A0C95C5169843DF00CB68C6 /* OpinionViewController.m */,
				0A0C95C6169843DF00CB68C6 /* OpinionViewController.xib */,
				0A24165E1699C3AB0024922E /* CardViewController.h */,
				0A24165F1699C3AB0024922E /* CardViewController.m */,
			);
			name = FourController;
			sourceTree = "<group>";
		};
		0A8C4907168EA4DB00615C6F /* Resources */ = {
			isa = PBXGroup;
			children = (
				0A0C95CE169846DE00CB68C6 /* 提出反馈按钮.png */,
				0A0C95CB169846D900CB68C6 /* 意见输入框.png */,
				0AFBBC2916952BFE003C29EB /* huan1.jpg */,
				0AFBBC2A16952BFE003C29EB /* huan2.jpg */,
				0AFBBC2B16952BFE003C29EB /* huan3.jpg */,
				0AFBBC2C16952BFE003C29EB /* huan4.jpg */,
				0AFBBC2D16952BFE003C29EB /* huan5.jpg */,
				0AFBBC2E16952BFE003C29EB /* huan6.jpg */,
				0AF8E8771693EEFF00C8C473 /* Arrow-Icon.png */,
				0AF8E8671693D35D00C8C473 /* bar_background@2x.png */,
				0AF8E8791693EF3900C8C473 /* 附近.png */,
				0AF8E8641693D26400C8C473 /* bar_background.png */,
				0A8C4917168EA52B00615C6F /* 界面 */,
			);
			name = Resources;
			sourceTree = "<group>";
		};
		0A8C4917168EA52B00615C6F /* 界面 */ = {
			isa = PBXGroup;
			children = (
				0A8C4908168EA52500615C6F /* 主页.png */,
				0A8C4909168EA52500615C6F /* 收藏.png */,
				0A8C490B168EA52500615C6F /* 看展会.png */,
				0A8C490A168EA52500615C6F /* 更多.png */,
				0A8C490C168EA52500615C6F /* 资讯.png */,
			);
			name = "界面";
			sourceTree = "<group>";
		};
		0A8C4924168EE3AB00615C6F /* TheThirdFoundation */ = {
			isa = PBXGroup;
			children = (
				0A8C4931168F0E4700615C6F /* Reachability */,
				0A8C4930168F0E3800615C6F /* MBProgress */,
			);
			name = TheThirdFoundation;
			sourceTree = "<group>";
		};
		0A8C4930168F0E3800615C6F /* MBProgress */ = {
			isa = PBXGroup;
			children = (
				0A357E281699580500C53BF2 /* MBProgressHUD.h */,
				0A357E291699580500C53BF2 /* MBProgressHUD.m */,
				0A0C95D9169888BC00CB68C6 /* URLEncode.h */,
				0A0C95DA169888BC00CB68C6 /* URLEncode.m */,
			);
			name = MBProgress;
			sourceTree = "<group>";
		};
		0A8C4931168F0E4700615C6F /* Reachability */ = {
			isa = PBXGroup;
			children = (
				0A8C4932168F0EA100615C6F /* Reachability.h */,
				0A8C4933168F0EA100615C6F /* Reachability.m */,
			);
			name = Reachability;
			sourceTree = "<group>";
		};
		0AD8E66416968DBD00607B42 /* Public */ = {
			isa = PBXGroup;
			children = (
				0A8C491C168EDB3000615C6F /* InfoViewController.h */,
				0A8C491D168EDB3000615C6F /* InfoViewController.m */,
			);
			name = Public;
			sourceTree = "<group>";
		};
		0AD8E6661696B58600607B42 /* SQLite */ = {
			isa = PBXGroup;
			children = (
				0AD8E6671696B5B000607B42 /* DataBase.h */,
				0AD8E6681696B5B000607B42 /* DataBase.m */,
				0AD8E6701696BB5C00607B42 /* DatePlan.h */,
				0AD8E6711696BB5D00607B42 /* DatePlan.m */,
			);
			name = SQLite;
			sourceTree = "<group>";
		};
/* End PBXGroup section */

/* Begin PBXNativeTarget section */
		0A8C48A4168E968200615C6F /* AppJoin */ = {
			isa = PBXNativeTarget;
			buildConfigurationList = 0A8C48D8168E968300615C6F /* Build configuration list for PBXNativeTarget "AppJoin" */;
			buildPhases = (
				0A8C48A1168E968200615C6F /* Sources */,
				0A8C48A2168E968200615C6F /* Frameworks */,
				0A8C48A3168E968200615C6F /* Resources */,
			);
			buildRules = (
			);
			dependencies = (
			);
			name = AppJoin;
			productName = AppJoin;
			productReference = 0A8C48A5168E968200615C6F /* AppJoin.app */;
			productType = "com.apple.product-type.application";
		};
		0A8C48C5168E968300615C6F /* AppJoinTests */ = {
			isa = PBXNativeTarget;
			buildConfigurationList = 0A8C48DB168E968300615C6F /* Build configuration list for PBXNativeTarget "AppJoinTests" */;
			buildPhases = (
				0A8C48C1168E968300615C6F /* Sources */,
				0A8C48C2168E968300615C6F /* Frameworks */,
				0A8C48C3168E968300615C6F /* Resources */,
				0A8C48C4168E968300615C6F /* ShellScript */,
			);
			buildRules = (
			);
			dependencies = (
				0A8C48CC168E968300615C6F /* PBXTargetDependency */,
			);
			name = AppJoinTests;
			productName = AppJoinTests;
			productReference = 0A8C48C6168E968300615C6F /* AppJoinTests.octest */;
			productType = "com.apple.product-type.bundle";
		};
/* End PBXNativeTarget section */

/* Begin PBXProject section */
		0A8C489C168E968200615C6F /* Project object */ = {
			isa = PBXProject;
			attributes = {
				LastUpgradeCheck = 0450;
				ORGANIZATIONNAME = Mars;
			};
			buildConfigurationList = 0A8C489F168E968200615C6F /* Build configuration list for PBXProject "AppJoin" */;
			compatibilityVersion = "Xcode 3.2";
			developmentRegion = English;
			hasScannedForEncodings = 0;
			knownRegions = (
				en,
			);
			mainGroup = 0A8C489A168E968200615C6F;
			productRefGroup = 0A8C48A6168E968200615C6F /* Products */;
			projectDirPath = "";
			projectRoot = "";
			targets = (
				0A8C48A4168E968200615C6F /* AppJoin */,
				0A8C48C5168E968300615C6F /* AppJoinTests */,
			);
		};
/* End PBXProject section */

/* Begin PBXResourcesBuildPhase section */
		0A8C48A3168E968200615C6F /* Resources */ = {
			isa = PBXResourcesBuildPhase;
			buildActionMask = 2147483647;
			files = (
				0A8C48B4168E968200615C6F /* InfoPlist.strings in Resources */,
				0A8C48BC168E968200615C6F /* Default.png in Resources */,
				0A8C48BE168E968200615C6F /* Default@2x.png in Resources */,
				0A8C48C0168E968200615C6F /* Default-568h@2x.png in Resources */,
				0A8C48E4168E998000615C6F /* MainViewController.xib in Resources */,
				0A8C48ED168E9A4500615C6F /* FirstViewController.xib in Resources */,
				0A8C48F5168E9A6400615C6F /* SecondViewController.xib in Resources */,
				0A8C48FD168E9A8800615C6F /* ThirdViewController.xib in Resources */,
				0A8C4905168E9AB600615C6F /* FourViewController.xib in Resources */,
				0A8C490D168EA52500615C6F /* 主页.png in Resources */,
				0A8C490F168EA52500615C6F /* 收藏.png in Resources */,
				0A8C4911168EA52500615C6F /* 更多.png in Resources */,
				0A8C4913168EA52500615C6F /* 看展会.png in Resources */,
				0A8C4915168EA52500615C6F /* 资讯.png in Resources */,
				0A8C492E168EEA0500615C6F /* 37x-Checkmark.png in Resources */,
				0AF8E8651693D26400C8C473 /* bar_background.png in Resources */,
				0AF8E8681693D35D00C8C473 /* bar_background@2x.png in Resources */,
				0AF8E8781693EEFF00C8C473 /* Arrow-Icon.png in Resources */,
				0AF8E87A1693EF3900C8C473 /* 附近.png in Resources */,
				0AFBBC2F16952BFE003C29EB /* huan1.jpg in Resources */,
				0AFBBC3016952BFE003C29EB /* huan2.jpg in Resources */,
				0AFBBC3116952BFE003C29EB /* huan3.jpg in Resources */,
				0AFBBC3216952BFE003C29EB /* huan4.jpg in Resources */,
				0AFBBC3316952BFE003C29EB /* huan5.jpg in Resources */,
				0AFBBC3416952BFE003C29EB /* huan6.jpg in Resources */,
				0A0C95C9169843DF00CB68C6 /* OpinionViewController.xib in Resources */,
				0A0C95CC169846D900CB68C6 /* 意见输入框.png in Resources */,
				0A0C95CF169846DE00CB68C6 /* 提出反馈按钮.png in Resources */,
				0A2416631699C44B0024922E /* Card.plist in Resources */,
			);
			runOnlyForDeploymentPostprocessing = 0;
		};
		0A8C48C3168E968300615C6F /* Resources */ = {
			isa = PBXResourcesBuildPhase;
			buildActionMask = 2147483647;
			files = (
				0A8C48D2168E968300615C6F /* InfoPlist.strings in Resources */,
				0A8C48E5168E998000615C6F /* MainViewController.xib in Resources */,
				0A8C48EE168E9A4500615C6F /* FirstViewController.xib in Resources */,
				0A8C48F6168E9A6400615C6F /* SecondViewController.xib in Resources */,
				0A8C48FE168E9A8800615C6F /* ThirdViewController.xib in Resources */,
				0A8C4906168E9AB600615C6F /* FourViewController.xib in Resources */,
				0A8C490E168EA52500615C6F /* 主页.png in Resources */,
				0A8C4910168EA52500615C6F /* 收藏.png in Resources */,
				0A8C4912168EA52500615C6F /* 更多.png in Resources */,
				0A8C4914168EA52500615C6F /* 看展会.png in Resources */,
				0A8C4916168EA52500615C6F /* 资讯.png in Resources */,
				0A8C492F168EEA0500615C6F /* 37x-Checkmark.png in Resources */,
				0A0C95CA169843DF00CB68C6 /* OpinionViewController.xib in Resources */,
				0A0C95CD169846D900CB68C6 /* 意见输入框.png in Resources */,
				0A0C95D0169846DE00CB68C6 /* 提出反馈按钮.png in Resources */,
				0A2416641699C44B0024922E /* Card.plist in Resources */,
			);
			runOnlyForDeploymentPostprocessing = 0;
		};
/* End PBXResourcesBuildPhase section */

/* Begin PBXShellScriptBuildPhase section */
		0A8C48C4168E968300615C6F /* ShellScript */ = {
			isa = PBXShellScriptBuildPhase;
			buildActionMask = 2147483647;
			files = (
			);
			inputPaths = (
			);
			outputPaths = (
			);
			runOnlyForDeploymentPostprocessing = 0;
			shellPath = /bin/sh;
			shellScript = "# Run the unit tests in this test bundle.\n\"${SYSTEM_DEVELOPER_DIR}/Tools/RunUnitTests\"\n";
		};
/* End PBXShellScriptBuildPhase section */

/* Begin PBXSourcesBuildPhase section */
		0A8C48A1168E968200615C6F /* Sources */ = {
			isa = PBXSourcesBuildPhase;
			buildActionMask = 2147483647;
			files = (
				0A8C48B6168E968200615C6F /* main.m in Sources */,
				0A8C48BA168E968200615C6F /* AppDelegate.m in Sources */,
				0A8C48E2168E998000615C6F /* MainViewController.m in Sources */,
				0A8C48EB168E9A4500615C6F /* FirstViewController.m in Sources */,
				0A8C48F3168E9A6400615C6F /* SecondViewController.m in Sources */,
				0A8C48FB168E9A8800615C6F /* ThirdViewController.m in Sources */,
				0A8C4903168E9AB600615C6F /* FourViewController.m in Sources */,
				0A8C491E168EDB3000615C6F /* InfoViewController.m in Sources */,
				0A8C4934168F0EA100615C6F /* Reachability.m in Sources */,
				0AF8E8761693EBBF00C8C473 /* Place.m in Sources */,
				0AFBBB7B169415A2003C29EB /* MessageViewController.m in Sources */,
				0AFBBC2316952AFA003C29EB /* iCarousel.m in Sources */,
				0AFBBC2816952BCD003C29EB /* DetailViewController.m in Sources */,
				0AD8E6691696B5B000607B42 /* DataBase.m in Sources */,
				0AD8E6721696BB5D00607B42 /* DatePlan.m in Sources */,
				0A0C95C7169843DF00CB68C6 /* OpinionViewController.m in Sources */,
				0A0C95DB169888BC00CB68C6 /* URLEncode.m in Sources */,
				0A357E2A1699580500C53BF2 /* MBProgressHUD.m in Sources */,
				0A2416601699C3AB0024922E /* CardViewController.m in Sources */,
			);
			runOnlyForDeploymentPostprocessing = 0;
		};
		0A8C48C1168E968300615C6F /* Sources */ = {
			isa = PBXSourcesBuildPhase;
			buildActionMask = 2147483647;
			files = (
				0A8C48D5168E968300615C6F /* AppJoinTests.m in Sources */,
				0A8C48E3168E998000615C6F /* MainViewController.m in Sources */,
				0A8C48EC168E9A4500615C6F /* FirstViewController.m in Sources */,
				0A8C48F4168E9A6400615C6F /* SecondViewController.m in Sources */,
				0A8C48FC168E9A8800615C6F /* ThirdViewController.m in Sources */,
				0A8C4904168E9AB600615C6F /* FourViewController.m in Sources */,
				0A8C491F168EDB3000615C6F /* InfoViewController.m in Sources */,
				0A8C4935168F0EA100615C6F /* Reachability.m in Sources */,
				0AFBBB7C169415A2003C29EB /* MessageViewController.m in Sources */,
				0A0C95C8169843DF00CB68C6 /* OpinionViewController.m in Sources */,
				0A0C95DC169888BC00CB68C6 /* URLEncode.m in Sources */,
				0A357E2B1699580500C53BF2 /* MBProgressHUD.m in Sources */,
				0A2416611699C3AB0024922E /* CardViewController.m in Sources */,
			);
			runOnlyForDeploymentPostprocessing = 0;
		};
/* End PBXSourcesBuildPhase section */

/* Begin PBXTargetDependency section */
		0A8C48CC168E968300615C6F /* PBXTargetDependency */ = {
			isa = PBXTargetDependency;
			target = 0A8C48A4168E968200615C6F /* AppJoin */;
			targetProxy = 0A8C48CB168E968300615C6F /* PBXContainerItemProxy */;
		};
/* End PBXTargetDependency section */

/* Begin PBXVariantGroup section */
		0A8C48B2168E968200615C6F /* InfoPlist.strings */ = {
			isa = PBXVariantGroup;
			children = (
				0A8C48B3168E968200615C6F /* en */,
			);
			name = InfoPlist.strings;
			sourceTree = "<group>";
		};
		0A8C48D0168E968300615C6F /* InfoPlist.strings */ = {
			isa = PBXVariantGroup;
			children = (
				0A8C48D1168E968300615C6F /* en */,
			);
			name = InfoPlist.strings;
			sourceTree = "<group>";
		};
/* End PBXVariantGroup section */

/* Begin XCBuildConfiguration section */
		0A8C48D6168E968300615C6F /* Debug */ = {
			isa = XCBuildConfiguration;
			buildSettings = {
				ALWAYS_SEARCH_USER_PATHS = NO;
				CLANG_CXX_LANGUAGE_STANDARD = "gnu++0x";
				CLANG_CXX_LIBRARY = "libc++";
				CLANG_WARN_EMPTY_BODY = YES;
				CLANG_WARN__DUPLICATE_METHOD_MATCH = YES;
				"CODE_SIGN_IDENTITY[sdk=iphoneos*]" = "iPhone Developer";
				COPY_PHASE_STRIP = NO;
				GCC_C_LANGUAGE_STANDARD = gnu99;
				GCC_DYNAMIC_NO_PIC = NO;
				GCC_OPTIMIZATION_LEVEL = 0;
				GCC_PREPROCESSOR_DEFINITIONS = (
					"DEBUG=1",
					"$(inherited)",
				);
				GCC_SYMBOLS_PRIVATE_EXTERN = NO;
				GCC_WARN_ABOUT_RETURN_TYPE = YES;
				GCC_WARN_UNINITIALIZED_AUTOS = YES;
				GCC_WARN_UNUSED_VARIABLE = YES;
				IPHONEOS_DEPLOYMENT_TARGET = 6.0;
				ONLY_ACTIVE_ARCH = YES;
				SDKROOT = iphoneos;
			};
			name = Debug;
		};
		0A8C48D7168E968300615C6F /* Release */ = {
			isa = XCBuildConfiguration;
			buildSettings = {
				ALWAYS_SEARCH_USER_PATHS = NO;
				CLANG_CXX_LANGUAGE_STANDARD = "gnu++0x";
				CLANG_CXX_LIBRARY = "libc++";
				CLANG_WARN_EMPTY_BODY = YES;
				CLANG_WARN__DUPLICATE_METHOD_MATCH = YES;
				"CODE_SIGN_IDENTITY[sdk=iphoneos*]" = "iPhone Developer";
				COPY_PHASE_STRIP = YES;
				GCC_C_LANGUAGE_STANDARD = gnu99;
				GCC_WARN_ABOUT_RETURN_TYPE = YES;
				GCC_WARN_UNINITIALIZED_AUTOS = YES;
				GCC_WARN_UNUSED_VARIABLE = YES;
				IPHONEOS_DEPLOYMENT_TARGET = 6.0;
				OTHER_CFLAGS = "-DNS_BLOCK_ASSERTIONS=1";
				SDKROOT = iphoneos;
				VALIDATE_PRODUCT = YES;
			};
			name = Release;
		};
		0A8C48D9168E968300615C6F /* Debug */ = {
			isa = XCBuildConfiguration;
			buildSettings = {
				GCC_PRECOMPILE_PREFIX_HEADER = YES;
				GCC_PREFIX_HEADER = "AppJoin/AppJoin-Prefix.pch";
				INFOPLIST_FILE = "AppJoin/AppJoin-Info.plist";
				PRODUCT_NAME = "$(TARGET_NAME)";
				WRAPPER_EXTENSION = app;
			};
			name = Debug;
		};
		0A8C48DA168E968300615C6F /* Release */ = {
			isa = XCBuildConfiguration;
			buildSettings = {
				GCC_PRECOMPILE_PREFIX_HEADER = YES;
				GCC_PREFIX_HEADER = "AppJoin/AppJoin-Prefix.pch";
				INFOPLIST_FILE = "AppJoin/AppJoin-Info.plist";
				PRODUCT_NAME = "$(TARGET_NAME)";
				WRAPPER_EXTENSION = app;
			};
			name = Release;
		};
		0A8C48DC168E968300615C6F /* Debug */ = {
			isa = XCBuildConfiguration;
			buildSettings = {
				BUNDLE_LOADER = "$(BUILT_PRODUCTS_DIR)/AppJoin.app/AppJoin";
				FRAMEWORK_SEARCH_PATHS = (
					"\"$(SDKROOT)/Developer/Library/Frameworks\"",
					"\"$(DEVELOPER_LIBRARY_DIR)/Frameworks\"",
				);
				GCC_PRECOMPILE_PREFIX_HEADER = YES;
				GCC_PREFIX_HEADER = "AppJoin/AppJoin-Prefix.pch";
				INFOPLIST_FILE = "AppJoinTests/AppJoinTests-Info.plist";
				PRODUCT_NAME = "$(TARGET_NAME)";
				TEST_HOST = "$(BUNDLE_LOADER)";
				WRAPPER_EXTENSION = octest;
			};
			name = Debug;
		};
		0A8C48DD168E968300615C6F /* Release */ = {
			isa = XCBuildConfiguration;
			buildSettings = {
				BUNDLE_LOADER = "$(BUILT_PRODUCTS_DIR)/AppJoin.app/AppJoin";
				FRAMEWORK_SEARCH_PATHS = (
					"\"$(SDKROOT)/Developer/Library/Frameworks\"",
					"\"$(DEVELOPER_LIBRARY_DIR)/Frameworks\"",
				);
				GCC_PRECOMPILE_PREFIX_HEADER = YES;
				GCC_PREFIX_HEADER = "AppJoin/AppJoin-Prefix.pch";
				INFOPLIST_FILE = "AppJoinTests/AppJoinTests-Info.plist";
				PRODUCT_NAME = "$(TARGET_NAME)";
				TEST_HOST = "$(BUNDLE_LOADER)";
				WRAPPER_EXTENSION = octest;
			};
			name = Release;
		};
/* End XCBuildConfiguration section */

/* Begin XCConfigurationList section */
		0A8C489F168E968200615C6F /* Build configuration list for PBXProject "AppJoin" */ = {
			isa = XCConfigurationList;
			buildConfigurations = (
				0A8C48D6168E968300615C6F /* Debug */,
				0A8C48D7168E968300615C6F /* Release */,
			);
			defaultConfigurationIsVisible = 0;
			defaultConfigurationName = Release;
		};
		0A8C48D8168E968300615C6F /* Build configuration list for PBXNativeTarget "AppJoin" */ = {
			isa = XCConfigurationList;
			buildConfigurations = (
				0A8C48D9168E968300615C6F /* Debug */,
				0A8C48DA168E968300615C6F /* Release */,
			);
			defaultConfigurationIsVisible = 0;
			defaultConfigurationName = Release;
		};
		0A8C48DB168E968300615C6F /* Build configuration list for PBXNativeTarget "AppJoinTests" */ = {
			isa = XCConfigurationList;
			buildConfigurations = (
				0A8C48DC168E968300615C6F /* Debug */,
				0A8C48DD168E968300615C6F /* Release */,
			);
			defaultConfigurationIsVisible = 0;
			defaultConfigurationName = Release;
		};
/* End XCConfigurationList section */
	};
	rootObject = 0A8C489C168E968200615C6F /* Project object */;
}
